// !$*UTF8*$!
{
	archiveVersion = 1;
	classes = {
	};
	objectVersion = 46;
	objects = {

/* Begin PBXBuildFile section */
		4A64829C1A5D291B00746A16 /* UberHTTPClient.m in Sources */ = {isa = PBXBuildFile; fileRef = 4A64829B1A5D291B00746A16 /* UberHTTPClient.m */; };
		4A64829F1A5E78F000746A16 /* SidecarHttpClient.m in Sources */ = {isa = PBXBuildFile; fileRef = 4A64829E1A5E78F000746A16 /* SidecarHttpClient.m */; };
		4A6482A31A665BBC00746A16 /* MainViewController.m in Sources */ = {isa = PBXBuildFile; fileRef = 4A6482A11A665BBC00746A16 /* MainViewController.m */; };
		4A6482A41A665BBC00746A16 /* MainViewController.xib in Resources */ = {isa = PBXBuildFile; fileRef = 4A6482A21A665BBC00746A16 /* MainViewController.xib */; };
		4A6482A71A666CA400746A16 /* SetDestinationView.m in Sources */ = {isa = PBXBuildFile; fileRef = 4A6482A61A666CA400746A16 /* SetDestinationView.m */; };
		4A6482AA1A667DB100746A16 /* goMyLocation.png in Resources */ = {isa = PBXBuildFile; fileRef = 4A6482A91A667DB100746A16 /* goMyLocation.png */; };
		4A6482AE1A667F5400746A16 /* LocationSearchViewController.m in Sources */ = {isa = PBXBuildFile; fileRef = 4A6482AC1A667F5400746A16 /* LocationSearchViewController.m */; };
		4A6482AF1A667F5400746A16 /* LocationSearchViewController.xib in Resources */ = {isa = PBXBuildFile; fileRef = 4A6482AD1A667F5400746A16 /* LocationSearchViewController.xib */; };
		4A6482B21A6681E800746A16 /* HTTPClient.m in Sources */ = {isa = PBXBuildFile; fileRef = 4A6482B11A6681E800746A16 /* HTTPClient.m */; };
		4A6482B51A668C5600746A16 /* GlobalStateInterface.m in Sources */ = {isa = PBXBuildFile; fileRef = 4A6482B41A668C5600746A16 /* GlobalStateInterface.m */; };
		4A6482B91A67182B00746A16 /* LocationSearchTableViewCell.m in Sources */ = {isa = PBXBuildFile; fileRef = 4A6482B71A67182B00746A16 /* LocationSearchTableViewCell.m */; };
		4A6482BA1A67182B00746A16 /* LocationSearchTableViewCell.xib in Resources */ = {isa = PBXBuildFile; fileRef = 4A6482B81A67182B00746A16 /* LocationSearchTableViewCell.xib */; };
		4A6482C11A67B7A400746A16 /* DisplayResultsCollectionView.m in Sources */ = {isa = PBXBuildFile; fileRef = 4A6482C01A67B7A400746A16 /* DisplayResultsCollectionView.m */; };
		4A6482C51A67B99F00746A16 /* ResultCollectionViewCell.m in Sources */ = {isa = PBXBuildFile; fileRef = 4A6482C31A67B99F00746A16 /* ResultCollectionViewCell.m */; };
		4A6482C61A67B99F00746A16 /* ResultCollectionViewCell.xib in Resources */ = {isa = PBXBuildFile; fileRef = 4A6482C41A67B99F00746A16 /* ResultCollectionViewCell.xib */; };
		4A6482C91A67BE2900746A16 /* ResultInfo.m in Sources */ = {isa = PBXBuildFile; fileRef = 4A6482C81A67BE2900746A16 /* ResultInfo.m */; };
		4A6482CC1A67CC6600746A16 /* PaddingLabel.m in Sources */ = {isa = PBXBuildFile; fileRef = 4A6482CB1A67CC6600746A16 /* PaddingLabel.m */; };
		4A6482CE1A67D69A00746A16 /* blackCircle.png in Resources */ = {isa = PBXBuildFile; fileRef = 4A6482CD1A67D69A00746A16 /* blackCircle.png */; };
		4A64830F1A7322D700746A16 /* MagicalImportFunctions.m in Sources */ = {isa = PBXBuildFile; fileRef = 4A6482D31A7322D700746A16 /* MagicalImportFunctions.m */; };
		4A6483101A7322D700746A16 /* NSAttributeDescription+MagicalDataImport.m in Sources */ = {isa = PBXBuildFile; fileRef = 4A6482D51A7322D700746A16 /* NSAttributeDescription+MagicalDataImport.m */; };
		4A6483111A7322D700746A16 /* NSEntityDescription+MagicalDataImport.m in Sources */ = {isa = PBXBuildFile; fileRef = 4A6482D71A7322D700746A16 /* NSEntityDescription+MagicalDataImport.m */; };
		4A6483121A7322D700746A16 /* NSNumber+MagicalDataImport.m in Sources */ = {isa = PBXBuildFile; fileRef = 4A6482D91A7322D700746A16 /* NSNumber+MagicalDataImport.m */; };
		4A6483131A7322D700746A16 /* NSObject+MagicalDataImport.m in Sources */ = {isa = PBXBuildFile; fileRef = 4A6482DB1A7322D700746A16 /* NSObject+MagicalDataImport.m */; };
		4A6483141A7322D700746A16 /* NSRelationshipDescription+MagicalDataImport.m in Sources */ = {isa = PBXBuildFile; fileRef = 4A6482DD1A7322D700746A16 /* NSRelationshipDescription+MagicalDataImport.m */; };
		4A6483151A7322D700746A16 /* NSString+MagicalDataImport.m in Sources */ = {isa = PBXBuildFile; fileRef = 4A6482DF1A7322D700746A16 /* NSString+MagicalDataImport.m */; };
		4A6483161A7322D700746A16 /* NSManagedObject+MagicalAggregation.m in Sources */ = {isa = PBXBuildFile; fileRef = 4A6482E21A7322D700746A16 /* NSManagedObject+MagicalAggregation.m */; };
		4A6483171A7322D700746A16 /* NSManagedObject+MagicalDataImport.m in Sources */ = {isa = PBXBuildFile; fileRef = 4A6482E41A7322D700746A16 /* NSManagedObject+MagicalDataImport.m */; };
		4A6483181A7322D700746A16 /* NSManagedObject+MagicalFinders.m in Sources */ = {isa = PBXBuildFile; fileRef = 4A6482E61A7322D700746A16 /* NSManagedObject+MagicalFinders.m */; };
		4A6483191A7322D700746A16 /* NSManagedObject+MagicalRecord.m in Sources */ = {isa = PBXBuildFile; fileRef = 4A6482E81A7322D700746A16 /* NSManagedObject+MagicalRecord.m */; };
		4A64831A1A7322D700746A16 /* NSManagedObject+MagicalRequests.m in Sources */ = {isa = PBXBuildFile; fileRef = 4A6482EA1A7322D700746A16 /* NSManagedObject+MagicalRequests.m */; };
		4A64831B1A7322D700746A16 /* NSManagedObjectContext+MagicalChainSave.m in Sources */ = {isa = PBXBuildFile; fileRef = 4A6482ED1A7322D700746A16 /* NSManagedObjectContext+MagicalChainSave.m */; };
		4A64831C1A7322D700746A16 /* NSManagedObjectContext+MagicalObserving.m in Sources */ = {isa = PBXBuildFile; fileRef = 4A6482EF1A7322D700746A16 /* NSManagedObjectContext+MagicalObserving.m */; };
		4A64831D1A7322D700746A16 /* NSManagedObjectContext+MagicalRecord.m in Sources */ = {isa = PBXBuildFile; fileRef = 4A6482F11A7322D700746A16 /* NSManagedObjectContext+MagicalRecord.m */; };
		4A64831E1A7322D700746A16 /* NSManagedObjectContext+MagicalSaves.m in Sources */ = {isa = PBXBuildFile; fileRef = 4A6482F31A7322D700746A16 /* NSManagedObjectContext+MagicalSaves.m */; };
		4A64831F1A7322D700746A16 /* NSManagedObjectContext+MagicalThreading.m in Sources */ = {isa = PBXBuildFile; fileRef = 4A6482F51A7322D700746A16 /* NSManagedObjectContext+MagicalThreading.m */; };
		4A6483201A7322D700746A16 /* NSManagedObjectModel+MagicalRecord.m in Sources */ = {isa = PBXBuildFile; fileRef = 4A6482F71A7322D700746A16 /* NSManagedObjectModel+MagicalRecord.m */; };
		4A6483211A7322D700746A16 /* NSPersistentStore+MagicalRecord.m in Sources */ = {isa = PBXBuildFile; fileRef = 4A6482F91A7322D700746A16 /* NSPersistentStore+MagicalRecord.m */; };
		4A6483221A7322D700746A16 /* NSPersistentStoreCoordinator+MagicalRecord.m in Sources */ = {isa = PBXBuildFile; fileRef = 4A6482FB1A7322D700746A16 /* NSPersistentStoreCoordinator+MagicalRecord.m */; };
		4A6483231A7322D700746A16 /* MagicalRecord+Actions.m in Sources */ = {isa = PBXBuildFile; fileRef = 4A6482FE1A7322D700746A16 /* MagicalRecord+Actions.m */; };
		4A6483241A7322D700746A16 /* MagicalRecord+ErrorHandling.m in Sources */ = {isa = PBXBuildFile; fileRef = 4A6483001A7322D700746A16 /* MagicalRecord+ErrorHandling.m */; };
		4A6483251A7322D700746A16 /* MagicalRecord+iCloud.m in Sources */ = {isa = PBXBuildFile; fileRef = 4A6483021A7322D700746A16 /* MagicalRecord+iCloud.m */; };
		4A6483261A7322D700746A16 /* MagicalRecord+Options.m in Sources */ = {isa = PBXBuildFile; fileRef = 4A6483041A7322D700746A16 /* MagicalRecord+Options.m */; };
		4A6483271A7322D700746A16 /* MagicalRecord+Setup.m in Sources */ = {isa = PBXBuildFile; fileRef = 4A6483061A7322D700746A16 /* MagicalRecord+Setup.m */; };
		4A6483281A7322D700746A16 /* MagicalRecord+ShorthandSupport.m in Sources */ = {isa = PBXBuildFile; fileRef = 4A6483081A7322D700746A16 /* MagicalRecord+ShorthandSupport.m */; };
		4A6483291A7322D700746A16 /* MagicalRecord.m in Sources */ = {isa = PBXBuildFile; fileRef = 4A64830A1A7322D700746A16 /* MagicalRecord.m */; };
		4A64832C1A73237800746A16 /* CabAgg.xcdatamodeld in Sources */ = {isa = PBXBuildFile; fileRef = 4A64832A1A73237800746A16 /* CabAgg.xcdatamodeld */; };
		4A64832F1A73246400746A16 /* Search.m in Sources */ = {isa = PBXBuildFile; fileRef = 4A64832E1A73246400746A16 /* Search.m */; };
		4A6483331A7A579A00746A16 /* CachedPolyline.m in Sources */ = {isa = PBXBuildFile; fileRef = 4A6483321A7A579A00746A16 /* CachedPolyline.m */; };
		4A6483371A7B7DAA00746A16 /* MoreInfoViewController.m in Sources */ = {isa = PBXBuildFile; fileRef = 4A6483351A7B7DAA00746A16 /* MoreInfoViewController.m */; };
		4A6483381A7B7DAA00746A16 /* MoreInfoViewController.xib in Resources */ = {isa = PBXBuildFile; fileRef = 4A6483361A7B7DAA00746A16 /* MoreInfoViewController.xib */; };
		4A64833B1A92FCA800746A16 /* ResultsView.m in Sources */ = {isa = PBXBuildFile; fileRef = 4A64833A1A92FCA800746A16 /* ResultsView.m */; };
		4A64833E1A93437600746A16 /* PinkMustacheLyft.png in Resources */ = {isa = PBXBuildFile; fileRef = 4A64833C1A93437600746A16 /* PinkMustacheLyft.png */; };
		4A64833F1A93437600746A16 /* UberPinDropShadow.png in Resources */ = {isa = PBXBuildFile; fileRef = 4A64833D1A93437600746A16 /* UberPinDropShadow.png */; };
		4A6483411A9364B500746A16 /* cabalot.png in Resources */ = {isa = PBXBuildFile; fileRef = 4A6483401A9364B500746A16 /* cabalot.png */; };
		4A780FCC1AB6BE9500E9898C /* myLocation@2x.png in Resources */ = {isa = PBXBuildFile; fileRef = 4A780FCA1AB6BE9500E9898C /* myLocation@2x.png */; };
		4A780FCD1AB6BE9500E9898C /* myLocation@3x.png in Resources */ = {isa = PBXBuildFile; fileRef = 4A780FCB1AB6BE9500E9898C /* myLocation@3x.png */; };
		4A780FD31AB6F3F300E9898C /* OnboardingContentViewController.m in Sources */ = {isa = PBXBuildFile; fileRef = 4A780FD01AB6F3F300E9898C /* OnboardingContentViewController.m */; };
		4A780FD41AB6F3F300E9898C /* OnboardingViewController.m in Sources */ = {isa = PBXBuildFile; fileRef = 4A780FD21AB6F3F300E9898C /* OnboardingViewController.m */; };
		4A780FD61AB82E0B00E9898C /* onboarding1.png in Resources */ = {isa = PBXBuildFile; fileRef = 4A780FD51AB82E0B00E9898C /* onboarding1.png */; };
		4A780FD91ABC0AE500E9898C /* UIView+LoadingSpinner.m in Sources */ = {isa = PBXBuildFile; fileRef = 4A780FD81ABC0AE500E9898C /* UIView+LoadingSpinner.m */; };
		4A80E4C61AD662EC007E0D07 /* LyftHttpClient.m in Sources */ = {isa = PBXBuildFile; fileRef = 4A80E4C51AD662EC007E0D07 /* LyftHttpClient.m */; };
		4ACD61761AA048E8009DD5D6 /* RequestBox@2x.png in Resources */ = {isa = PBXBuildFile; fileRef = 4ACD61751AA048E7009DD5D6 /* RequestBox@2x.png */; };
		4ACD61791AA050D2009DD5D6 /* Check@2x.png in Resources */ = {isa = PBXBuildFile; fileRef = 4ACD61771AA050D2009DD5D6 /* Check@2x.png */; };
		4ACD617A1AA050D2009DD5D6 /* Circle@2x.png in Resources */ = {isa = PBXBuildFile; fileRef = 4ACD61781AA050D2009DD5D6 /* Circle@2x.png */; };
		4ACD617F1AA337CE009DD5D6 /* iRate.bundle in Resources */ = {isa = PBXBuildFile; fileRef = 4ACD617C1AA337CE009DD5D6 /* iRate.bundle */; };
		4ACD61801AA337CE009DD5D6 /* iRate.m in Sources */ = {isa = PBXBuildFile; fileRef = 4ACD617E1AA337CE009DD5D6 /* iRate.m */; };
		4ACD618A1AA4532F009DD5D6 /* ExtraViewController.m in Sources */ = {isa = PBXBuildFile; fileRef = 4ACD61881AA4532F009DD5D6 /* ExtraViewController.m */; };
		4ACD618B1AA4532F009DD5D6 /* ExtraViewController.xib in Resources */ = {isa = PBXBuildFile; fileRef = 4ACD61891AA4532F009DD5D6 /* ExtraViewController.xib */; };
		4ACD618D1AA45C44009DD5D6 /* close-icon.png in Resources */ = {isa = PBXBuildFile; fileRef = 4ACD618C1AA45C44009DD5D6 /* close-icon.png */; };
		4ACD61921AA8497D009DD5D6 /* uber-pin@3x.png in Resources */ = {isa = PBXBuildFile; fileRef = 4ACD618E1AA8497D009DD5D6 /* uber-pin@3x.png */; };
		4ACD61931AA8497D009DD5D6 /* uber-pin@2x.png in Resources */ = {isa = PBXBuildFile; fileRef = 4ACD618F1AA8497D009DD5D6 /* uber-pin@2x.png */; };
		4ACD61941AA8497D009DD5D6 /* lyft-pin@3x.png in Resources */ = {isa = PBXBuildFile; fileRef = 4ACD61901AA8497D009DD5D6 /* lyft-pin@3x.png */; };
		4ACD61951AA8497D009DD5D6 /* lyft-pin@2x.png in Resources */ = {isa = PBXBuildFile; fileRef = 4ACD61911AA8497D009DD5D6 /* lyft-pin@2x.png */; };
		4ACD61981AA9CE4C009DD5D6 /* logo@2x.png in Resources */ = {isa = PBXBuildFile; fileRef = 4ACD61961AA9CE4C009DD5D6 /* logo@2x.png */; };
		4ACD61991AA9CE4C009DD5D6 /* logo@3x.png in Resources */ = {isa = PBXBuildFile; fileRef = 4ACD61971AA9CE4C009DD5D6 /* logo@3x.png */; };
		4ACD619C1AA9D19D009DD5D6 /* logo-big@2x.png in Resources */ = {isa = PBXBuildFile; fileRef = 4ACD619A1AA9D19D009DD5D6 /* logo-big@2x.png */; };
		4ACD619D1AA9D19D009DD5D6 /* logo-big@3x.png in Resources */ = {isa = PBXBuildFile; fileRef = 4ACD619B1AA9D19D009DD5D6 /* logo-big@3x.png */; };
		4ACD61A01AA9D689009DD5D6 /* greenMapIcon@2x.png in Resources */ = {isa = PBXBuildFile; fileRef = 4ACD619E1AA9D689009DD5D6 /* greenMapIcon@2x.png */; };
		4ACD61A11AA9D689009DD5D6 /* greenMapIcon@3x.png in Resources */ = {isa = PBXBuildFile; fileRef = 4ACD619F1AA9D689009DD5D6 /* greenMapIcon@3x.png */; };
		4ACD61A41AA9D690009DD5D6 /* redMapIcon@2x.png in Resources */ = {isa = PBXBuildFile; fileRef = 4ACD61A21AA9D690009DD5D6 /* redMapIcon@2x.png */; };
		4ACD61A51AA9D690009DD5D6 /* redMapIcon@3x.png in Resources */ = {isa = PBXBuildFile; fileRef = 4ACD61A31AA9D690009DD5D6 /* redMapIcon@3x.png */; };
		4AE6D2721A59ECD2008B9221 /* main.m in Sources */ = {isa = PBXBuildFile; fileRef = 4AE6D2711A59ECD2008B9221 /* main.m */; };
		4AE6D2751A59ECD2008B9221 /* AppDelegate.m in Sources */ = {isa = PBXBuildFile; fileRef = 4AE6D2741A59ECD2008B9221 /* AppDelegate.m */; };
		4AE6D27D1A59ECD2008B9221 /* Images.xcassets in Resources */ = {isa = PBXBuildFile; fileRef = 4AE6D27C1A59ECD2008B9221 /* Images.xcassets */; };
		4AE6D2801A59ECD2008B9221 /* LaunchScreen.xib in Resources */ = {isa = PBXBuildFile; fileRef = 4AE6D27E1A59ECD2008B9221 /* LaunchScreen.xib */; };
		4AE6D28C1A59ECD2008B9221 /* cabAggTests.m in Sources */ = {isa = PBXBuildFile; fileRef = 4AE6D28B1A59ECD2008B9221 /* cabAggTests.m */; };
		4AE6D2AA1A59ED31008B9221 /* AFHTTPRequestOperation.m in Sources */ = {isa = PBXBuildFile; fileRef = 4AE6D2981A59ED31008B9221 /* AFHTTPRequestOperation.m */; };
		4AE6D2AB1A59ED31008B9221 /* AFHTTPRequestOperationManager.m in Sources */ = {isa = PBXBuildFile; fileRef = 4AE6D29A1A59ED31008B9221 /* AFHTTPRequestOperationManager.m */; };
		4AE6D2AC1A59ED31008B9221 /* AFHTTPSessionManager.m in Sources */ = {isa = PBXBuildFile; fileRef = 4AE6D29C1A59ED31008B9221 /* AFHTTPSessionManager.m */; };
		4AE6D2AD1A59ED31008B9221 /* AFNetworkReachabilityManager.m in Sources */ = {isa = PBXBuildFile; fileRef = 4AE6D29F1A59ED31008B9221 /* AFNetworkReachabilityManager.m */; };
		4AE6D2AE1A59ED31008B9221 /* AFSecurityPolicy.m in Sources */ = {isa = PBXBuildFile; fileRef = 4AE6D2A11A59ED31008B9221 /* AFSecurityPolicy.m */; };
		4AE6D2AF1A59ED31008B9221 /* AFURLConnectionOperation.m in Sources */ = {isa = PBXBuildFile; fileRef = 4AE6D2A31A59ED31008B9221 /* AFURLConnectionOperation.m */; };
		4AE6D2B01A59ED31008B9221 /* AFURLRequestSerialization.m in Sources */ = {isa = PBXBuildFile; fileRef = 4AE6D2A51A59ED31008B9221 /* AFURLRequestSerialization.m */; };
		4AE6D2B11A59ED31008B9221 /* AFURLResponseSerialization.m in Sources */ = {isa = PBXBuildFile; fileRef = 4AE6D2A71A59ED31008B9221 /* AFURLResponseSerialization.m */; };
		4AE6D2B21A59ED31008B9221 /* AFURLSessionManager.m in Sources */ = {isa = PBXBuildFile; fileRef = 4AE6D2A91A59ED31008B9221 /* AFURLSessionManager.m */; };
		4AE6D2B41A5A1F2A008B9221 /* GoogleMaps.framework in Frameworks */ = {isa = PBXBuildFile; fileRef = 4AE6D2B31A5A1F2A008B9221 /* GoogleMaps.framework */; };
		4AE6D2B61A5A1F78008B9221 /* GoogleMaps.bundle in Resources */ = {isa = PBXBuildFile; fileRef = 4AE6D2B51A5A1F78008B9221 /* GoogleMaps.bundle */; };
		4AE6D2B81A5A1F99008B9221 /* AVFoundation.framework in Frameworks */ = {isa = PBXBuildFile; fileRef = 4AE6D2B71A5A1F99008B9221 /* AVFoundation.framework */; };
		4AE6D2BA1A5A1FAC008B9221 /* CoreLocation.framework in Frameworks */ = {isa = PBXBuildFile; fileRef = 4AE6D2B91A5A1FAC008B9221 /* CoreLocation.framework */; };
		4AE6D2BC1A5A1FB5008B9221 /* CoreData.framework in Frameworks */ = {isa = PBXBuildFile; fileRef = 4AE6D2BB1A5A1FB5008B9221 /* CoreData.framework */; };
		4AE6D2BE1A5A1FCA008B9221 /* CoreText.framework in Frameworks */ = {isa = PBXBuildFile; fileRef = 4AE6D2BD1A5A1FCA008B9221 /* CoreText.framework */; };
		4AE6D2C01A5A1FCF008B9221 /* GLKit.framework in Frameworks */ = {isa = PBXBuildFile; fileRef = 4AE6D2BF1A5A1FCF008B9221 /* GLKit.framework */; };
		4AE6D2C21A5A1FDB008B9221 /* ImageIO.framework in Frameworks */ = {isa = PBXBuildFile; fileRef = 4AE6D2C11A5A1FDB008B9221 /* ImageIO.framework */; };
		4AE6D2C41A5A1FE7008B9221 /* libc++.dylib in Frameworks */ = {isa = PBXBuildFile; fileRef = 4AE6D2C31A5A1FE7008B9221 /* libc++.dylib */; };
		4AE6D2C61A5A1FF6008B9221 /* libicucore.dylib in Frameworks */ = {isa = PBXBuildFile; fileRef = 4AE6D2C51A5A1FF6008B9221 /* libicucore.dylib */; };
		4AE6D2C81A5A2001008B9221 /* libz.dylib in Frameworks */ = {isa = PBXBuildFile; fileRef = 4AE6D2C71A5A2001008B9221 /* libz.dylib */; };
		4AE6D2CA1A5A2009008B9221 /* OpenGLES.framework in Frameworks */ = {isa = PBXBuildFile; fileRef = 4AE6D2C91A5A2009008B9221 /* OpenGLES.framework */; };
		4AE6D2CC1A5A2014008B9221 /* QuartzCore.framework in Frameworks */ = {isa = PBXBuildFile; fileRef = 4AE6D2CB1A5A2014008B9221 /* QuartzCore.framework */; };
		4AE6D2CE1A5A201F008B9221 /* SystemConfiguration.framework in Frameworks */ = {isa = PBXBuildFile; fileRef = 4AE6D2CD1A5A201F008B9221 /* SystemConfiguration.framework */; };
		4AE6D2D11A5A2385008B9221 /* CabAggHttpClient.m in Sources */ = {isa = PBXBuildFile; fileRef = 4AE6D2D01A5A2385008B9221 /* CabAggHttpClient.m */; };
		4AE6D2D81A5A7F89008B9221 /* newLocation.png in Resources */ = {isa = PBXBuildFile; fileRef = 4AE6D2D71A5A7F89008B9221 /* newLocation.png */; };
		4AE7AD851B15B47E00BE8DED /* Fabric.framework in Frameworks */ = {isa = PBXBuildFile; fileRef = 4AE7AD831B15B47E00BE8DED /* Fabric.framework */; };
		4AE7AD861B15B47E00BE8DED /* Crashlytics.framework in Frameworks */ = {isa = PBXBuildFile; fileRef = 4AE7AD841B15B47E00BE8DED /* Crashlytics.framework */; };
		4AE7AD891B1C0FD000BE8DED /* EventLogger.m in Sources */ = {isa = PBXBuildFile; fileRef = 4AE7AD881B1C0FD000BE8DED /* EventLogger.m */; };
		4AE8F5F71AA9E9750024EABF /* stock-photo.jpeg in Resources */ = {isa = PBXBuildFile; fileRef = 4AE8F5F61AA9E9750024EABF /* stock-photo.jpeg */; };
/* End PBXBuildFile section */

/* Begin PBXContainerItemProxy section */
		4AE6D2861A59ECD2008B9221 /* PBXContainerItemProxy */ = {
			isa = PBXContainerItemProxy;
			containerPortal = 4AE6D2641A59ECD2008B9221 /* Project object */;
			proxyType = 1;
			remoteGlobalIDString = 4AE6D26B1A59ECD2008B9221;
			remoteInfo = cabAgg;
		};
/* End PBXContainerItemProxy section */

/* Begin PBXFileReference section */
		4A64829A1A5D291B00746A16 /* UberHTTPClient.h */ = {isa = PBXFileReference; fileEncoding = 4; lastKnownFileType = sourcecode.c.h; name = UberHTTPClient.h; path = ../UberHTTPClient.h; sourceTree = "<group>"; };
		4A64829B1A5D291B00746A16 /* UberHTTPClient.m */ = {isa = PBXFileReference; fileEncoding = 4; lastKnownFileType = sourcecode.c.objc; name = UberHTTPClient.m; path = ../UberHTTPClient.m; sourceTree = "<group>"; };
		4A64829D1A5E78F000746A16 /* SidecarHttpClient.h */ = {isa = PBXFileReference; fileEncoding = 4; lastKnownFileType = sourcecode.c.h; path = SidecarHttpClient.h; sourceTree = "<group>"; };
		4A64829E1A5E78F000746A16 /* SidecarHttpClient.m */ = {isa = PBXFileReference; fileEncoding = 4; lastKnownFileType = sourcecode.c.objc; path = SidecarHttpClient.m; sourceTree = "<group>"; };
		4A6482A01A665BBC00746A16 /* MainViewController.h */ = {isa = PBXFileReference; fileEncoding = 4; lastKnownFileType = sourcecode.c.h; path = MainViewController.h; sourceTree = "<group>"; };
		4A6482A11A665BBC00746A16 /* MainViewController.m */ = {isa = PBXFileReference; fileEncoding = 4; lastKnownFileType = sourcecode.c.objc; path = MainViewController.m; sourceTree = "<group>"; };
		4A6482A21A665BBC00746A16 /* MainViewController.xib */ = {isa = PBXFileReference; fileEncoding = 4; lastKnownFileType = file.xib; path = MainViewController.xib; sourceTree = "<group>"; };
		4A6482A51A666CA400746A16 /* SetDestinationView.h */ = {isa = PBXFileReference; fileEncoding = 4; lastKnownFileType = sourcecode.c.h; path = SetDestinationView.h; sourceTree = "<group>"; };
		4A6482A61A666CA400746A16 /* SetDestinationView.m */ = {isa = PBXFileReference; fileEncoding = 4; lastKnownFileType = sourcecode.c.objc; path = SetDestinationView.m; sourceTree = "<group>"; };
		4A6482A91A667DB100746A16 /* goMyLocation.png */ = {isa = PBXFileReference; lastKnownFileType = image.png; path = goMyLocation.png; sourceTree = "<group>"; };
		4A6482AB1A667F5400746A16 /* LocationSearchViewController.h */ = {isa = PBXFileReference; fileEncoding = 4; lastKnownFileType = sourcecode.c.h; path = LocationSearchViewController.h; sourceTree = "<group>"; };
		4A6482AC1A667F5400746A16 /* LocationSearchViewController.m */ = {isa = PBXFileReference; fileEncoding = 4; lastKnownFileType = sourcecode.c.objc; path = LocationSearchViewController.m; sourceTree = "<group>"; };
		4A6482AD1A667F5400746A16 /* LocationSearchViewController.xib */ = {isa = PBXFileReference; fileEncoding = 4; lastKnownFileType = file.xib; path = LocationSearchViewController.xib; sourceTree = "<group>"; };
		4A6482B01A6681E800746A16 /* HTTPClient.h */ = {isa = PBXFileReference; fileEncoding = 4; lastKnownFileType = sourcecode.c.h; path = HTTPClient.h; sourceTree = "<group>"; };
		4A6482B11A6681E800746A16 /* HTTPClient.m */ = {isa = PBXFileReference; fileEncoding = 4; lastKnownFileType = sourcecode.c.objc; path = HTTPClient.m; sourceTree = "<group>"; };
		4A6482B31A668C5600746A16 /* GlobalStateInterface.h */ = {isa = PBXFileReference; fileEncoding = 4; lastKnownFileType = sourcecode.c.h; path = GlobalStateInterface.h; sourceTree = "<group>"; };
		4A6482B41A668C5600746A16 /* GlobalStateInterface.m */ = {isa = PBXFileReference; fileEncoding = 4; lastKnownFileType = sourcecode.c.objc; path = GlobalStateInterface.m; sourceTree = "<group>"; };
		4A6482B61A67182B00746A16 /* LocationSearchTableViewCell.h */ = {isa = PBXFileReference; fileEncoding = 4; lastKnownFileType = sourcecode.c.h; path = LocationSearchTableViewCell.h; sourceTree = "<group>"; };
		4A6482B71A67182B00746A16 /* LocationSearchTableViewCell.m */ = {isa = PBXFileReference; fileEncoding = 4; lastKnownFileType = sourcecode.c.objc; path = LocationSearchTableViewCell.m; sourceTree = "<group>"; };
		4A6482B81A67182B00746A16 /* LocationSearchTableViewCell.xib */ = {isa = PBXFileReference; fileEncoding = 4; lastKnownFileType = file.xib; path = LocationSearchTableViewCell.xib; sourceTree = "<group>"; };
		4A6482BF1A67B7A400746A16 /* DisplayResultsCollectionView.h */ = {isa = PBXFileReference; fileEncoding = 4; lastKnownFileType = sourcecode.c.h; path = DisplayResultsCollectionView.h; sourceTree = "<group>"; };
		4A6482C01A67B7A400746A16 /* DisplayResultsCollectionView.m */ = {isa = PBXFileReference; fileEncoding = 4; lastKnownFileType = sourcecode.c.objc; path = DisplayResultsCollectionView.m; sourceTree = "<group>"; };
		4A6482C21A67B99F00746A16 /* ResultCollectionViewCell.h */ = {isa = PBXFileReference; fileEncoding = 4; lastKnownFileType = sourcecode.c.h; path = ResultCollectionViewCell.h; sourceTree = "<group>"; };
		4A6482C31A67B99F00746A16 /* ResultCollectionViewCell.m */ = {isa = PBXFileReference; fileEncoding = 4; lastKnownFileType = sourcecode.c.objc; path = ResultCollectionViewCell.m; sourceTree = "<group>"; };
		4A6482C41A67B99F00746A16 /* ResultCollectionViewCell.xib */ = {isa = PBXFileReference; fileEncoding = 4; lastKnownFileType = file.xib; path = ResultCollectionViewCell.xib; sourceTree = "<group>"; };
		4A6482C71A67BE2900746A16 /* ResultInfo.h */ = {isa = PBXFileReference; fileEncoding = 4; lastKnownFileType = sourcecode.c.h; path = ResultInfo.h; sourceTree = "<group>"; };
		4A6482C81A67BE2900746A16 /* ResultInfo.m */ = {isa = PBXFileReference; fileEncoding = 4; lastKnownFileType = sourcecode.c.objc; path = ResultInfo.m; sourceTree = "<group>"; };
		4A6482CA1A67CC6600746A16 /* PaddingLabel.h */ = {isa = PBXFileReference; fileEncoding = 4; lastKnownFileType = sourcecode.c.h; path = PaddingLabel.h; sourceTree = "<group>"; };
		4A6482CB1A67CC6600746A16 /* PaddingLabel.m */ = {isa = PBXFileReference; fileEncoding = 4; lastKnownFileType = sourcecode.c.objc; path = PaddingLabel.m; sourceTree = "<group>"; };
		4A6482CD1A67D69A00746A16 /* blackCircle.png */ = {isa = PBXFileReference; lastKnownFileType = image.png; path = blackCircle.png; sourceTree = "<group>"; };
		4A6482D21A7322D700746A16 /* MagicalImportFunctions.h */ = {isa = PBXFileReference; fileEncoding = 4; lastKnownFileType = sourcecode.c.h; path = MagicalImportFunctions.h; sourceTree = "<group>"; };
		4A6482D31A7322D700746A16 /* MagicalImportFunctions.m */ = {isa = PBXFileReference; fileEncoding = 4; lastKnownFileType = sourcecode.c.objc; path = MagicalImportFunctions.m; sourceTree = "<group>"; };
		4A6482D41A7322D700746A16 /* NSAttributeDescription+MagicalDataImport.h */ = {isa = PBXFileReference; fileEncoding = 4; lastKnownFileType = sourcecode.c.h; path = "NSAttributeDescription+MagicalDataImport.h"; sourceTree = "<group>"; };
		4A6482D51A7322D700746A16 /* NSAttributeDescription+MagicalDataImport.m */ = {isa = PBXFileReference; fileEncoding = 4; lastKnownFileType = sourcecode.c.objc; path = "NSAttributeDescription+MagicalDataImport.m"; sourceTree = "<group>"; };
		4A6482D61A7322D700746A16 /* NSEntityDescription+MagicalDataImport.h */ = {isa = PBXFileReference; fileEncoding = 4; lastKnownFileType = sourcecode.c.h; path = "NSEntityDescription+MagicalDataImport.h"; sourceTree = "<group>"; };
		4A6482D71A7322D700746A16 /* NSEntityDescription+MagicalDataImport.m */ = {isa = PBXFileReference; fileEncoding = 4; lastKnownFileType = sourcecode.c.objc; path = "NSEntityDescription+MagicalDataImport.m"; sourceTree = "<group>"; };
		4A6482D81A7322D700746A16 /* NSNumber+MagicalDataImport.h */ = {isa = PBXFileReference; fileEncoding = 4; lastKnownFileType = sourcecode.c.h; path = "NSNumber+MagicalDataImport.h"; sourceTree = "<group>"; };
		4A6482D91A7322D700746A16 /* NSNumber+MagicalDataImport.m */ = {isa = PBXFileReference; fileEncoding = 4; lastKnownFileType = sourcecode.c.objc; path = "NSNumber+MagicalDataImport.m"; sourceTree = "<group>"; };
		4A6482DA1A7322D700746A16 /* NSObject+MagicalDataImport.h */ = {isa = PBXFileReference; fileEncoding = 4; lastKnownFileType = sourcecode.c.h; path = "NSObject+MagicalDataImport.h"; sourceTree = "<group>"; };
		4A6482DB1A7322D700746A16 /* NSObject+MagicalDataImport.m */ = {isa = PBXFileReference; fileEncoding = 4; lastKnownFileType = sourcecode.c.objc; path = "NSObject+MagicalDataImport.m"; sourceTree = "<group>"; };
		4A6482DC1A7322D700746A16 /* NSRelationshipDescription+MagicalDataImport.h */ = {isa = PBXFileReference; fileEncoding = 4; lastKnownFileType = sourcecode.c.h; path = "NSRelationshipDescription+MagicalDataImport.h"; sourceTree = "<group>"; };
		4A6482DD1A7322D700746A16 /* NSRelationshipDescription+MagicalDataImport.m */ = {isa = PBXFileReference; fileEncoding = 4; lastKnownFileType = sourcecode.c.objc; path = "NSRelationshipDescription+MagicalDataImport.m"; sourceTree = "<group>"; };
		4A6482DE1A7322D700746A16 /* NSString+MagicalDataImport.h */ = {isa = PBXFileReference; fileEncoding = 4; lastKnownFileType = sourcecode.c.h; path = "NSString+MagicalDataImport.h"; sourceTree = "<group>"; };
		4A6482DF1A7322D700746A16 /* NSString+MagicalDataImport.m */ = {isa = PBXFileReference; fileEncoding = 4; lastKnownFileType = sourcecode.c.objc; path = "NSString+MagicalDataImport.m"; sourceTree = "<group>"; };
		4A6482E11A7322D700746A16 /* NSManagedObject+MagicalAggregation.h */ = {isa = PBXFileReference; fileEncoding = 4; lastKnownFileType = sourcecode.c.h; path = "NSManagedObject+MagicalAggregation.h"; sourceTree = "<group>"; };
		4A6482E21A7322D700746A16 /* NSManagedObject+MagicalAggregation.m */ = {isa = PBXFileReference; fileEncoding = 4; lastKnownFileType = sourcecode.c.objc; path = "NSManagedObject+MagicalAggregation.m"; sourceTree = "<group>"; };
		4A6482E31A7322D700746A16 /* NSManagedObject+MagicalDataImport.h */ = {isa = PBXFileReference; fileEncoding = 4; lastKnownFileType = sourcecode.c.h; path = "NSManagedObject+MagicalDataImport.h"; sourceTree = "<group>"; };
		4A6482E41A7322D700746A16 /* NSManagedObject+MagicalDataImport.m */ = {isa = PBXFileReference; fileEncoding = 4; lastKnownFileType = sourcecode.c.objc; path = "NSManagedObject+MagicalDataImport.m"; sourceTree = "<group>"; };
		4A6482E51A7322D700746A16 /* NSManagedObject+MagicalFinders.h */ = {isa = PBXFileReference; fileEncoding = 4; lastKnownFileType = sourcecode.c.h; path = "NSManagedObject+MagicalFinders.h"; sourceTree = "<group>"; };
		4A6482E61A7322D700746A16 /* NSManagedObject+MagicalFinders.m */ = {isa = PBXFileReference; fileEncoding = 4; lastKnownFileType = sourcecode.c.objc; path = "NSManagedObject+MagicalFinders.m"; sourceTree = "<group>"; };
		4A6482E71A7322D700746A16 /* NSManagedObject+MagicalRecord.h */ = {isa = PBXFileReference; fileEncoding = 4; lastKnownFileType = sourcecode.c.h; path = "NSManagedObject+MagicalRecord.h"; sourceTree = "<group>"; };
		4A6482E81A7322D700746A16 /* NSManagedObject+MagicalRecord.m */ = {isa = PBXFileReference; fileEncoding = 4; lastKnownFileType = sourcecode.c.objc; path = "NSManagedObject+MagicalRecord.m"; sourceTree = "<group>"; };
		4A6482E91A7322D700746A16 /* NSManagedObject+MagicalRequests.h */ = {isa = PBXFileReference; fileEncoding = 4; lastKnownFileType = sourcecode.c.h; path = "NSManagedObject+MagicalRequests.h"; sourceTree = "<group>"; };
		4A6482EA1A7322D700746A16 /* NSManagedObject+MagicalRequests.m */ = {isa = PBXFileReference; fileEncoding = 4; lastKnownFileType = sourcecode.c.objc; path = "NSManagedObject+MagicalRequests.m"; sourceTree = "<group>"; };
		4A6482EC1A7322D700746A16 /* NSManagedObjectContext+MagicalChainSave.h */ = {isa = PBXFileReference; fileEncoding = 4; lastKnownFileType = sourcecode.c.h; path = "NSManagedObjectContext+MagicalChainSave.h"; sourceTree = "<group>"; };
		4A6482ED1A7322D700746A16 /* NSManagedObjectContext+MagicalChainSave.m */ = {isa = PBXFileReference; fileEncoding = 4; lastKnownFileType = sourcecode.c.objc; path = "NSManagedObjectContext+MagicalChainSave.m"; sourceTree = "<group>"; };
		4A6482EE1A7322D700746A16 /* NSManagedObjectContext+MagicalObserving.h */ = {isa = PBXFileReference; fileEncoding = 4; lastKnownFileType = sourcecode.c.h; path = "NSManagedObjectContext+MagicalObserving.h"; sourceTree = "<group>"; };
		4A6482EF1A7322D700746A16 /* NSManagedObjectContext+MagicalObserving.m */ = {isa = PBXFileReference; fileEncoding = 4; lastKnownFileType = sourcecode.c.objc; path = "NSManagedObjectContext+MagicalObserving.m"; sourceTree = "<group>"; };
		4A6482F01A7322D700746A16 /* NSManagedObjectContext+MagicalRecord.h */ = {isa = PBXFileReference; fileEncoding = 4; lastKnownFileType = sourcecode.c.h; path = "NSManagedObjectContext+MagicalRecord.h"; sourceTree = "<group>"; };
		4A6482F11A7322D700746A16 /* NSManagedObjectContext+MagicalRecord.m */ = {isa = PBXFileReference; fileEncoding = 4; lastKnownFileType = sourcecode.c.objc; path = "NSManagedObjectContext+MagicalRecord.m"; sourceTree = "<group>"; };
		4A6482F21A7322D700746A16 /* NSManagedObjectContext+MagicalSaves.h */ = {isa = PBXFileReference; fileEncoding = 4; lastKnownFileType = sourcecode.c.h; path = "NSManagedObjectContext+MagicalSaves.h"; sourceTree = "<group>"; };
		4A6482F31A7322D700746A16 /* NSManagedObjectContext+MagicalSaves.m */ = {isa = PBXFileReference; fileEncoding = 4; lastKnownFileType = sourcecode.c.objc; path = "NSManagedObjectContext+MagicalSaves.m"; sourceTree = "<group>"; };
		4A6482F41A7322D700746A16 /* NSManagedObjectContext+MagicalThreading.h */ = {isa = PBXFileReference; fileEncoding = 4; lastKnownFileType = sourcecode.c.h; path = "NSManagedObjectContext+MagicalThreading.h"; sourceTree = "<group>"; };
		4A6482F51A7322D700746A16 /* NSManagedObjectContext+MagicalThreading.m */ = {isa = PBXFileReference; fileEncoding = 4; lastKnownFileType = sourcecode.c.objc; path = "NSManagedObjectContext+MagicalThreading.m"; sourceTree = "<group>"; };
		4A6482F61A7322D700746A16 /* NSManagedObjectModel+MagicalRecord.h */ = {isa = PBXFileReference; fileEncoding = 4; lastKnownFileType = sourcecode.c.h; path = "NSManagedObjectModel+MagicalRecord.h"; sourceTree = "<group>"; };
		4A6482F71A7322D700746A16 /* NSManagedObjectModel+MagicalRecord.m */ = {isa = PBXFileReference; fileEncoding = 4; lastKnownFileType = sourcecode.c.objc; path = "NSManagedObjectModel+MagicalRecord.m"; sourceTree = "<group>"; };
		4A6482F81A7322D700746A16 /* NSPersistentStore+MagicalRecord.h */ = {isa = PBXFileReference; fileEncoding = 4; lastKnownFileType = sourcecode.c.h; path = "NSPersistentStore+MagicalRecord.h"; sourceTree = "<group>"; };
		4A6482F91A7322D700746A16 /* NSPersistentStore+MagicalRecord.m */ = {isa = PBXFileReference; fileEncoding = 4; lastKnownFileType = sourcecode.c.objc; path = "NSPersistentStore+MagicalRecord.m"; sourceTree = "<group>"; };
		4A6482FA1A7322D700746A16 /* NSPersistentStoreCoordinator+MagicalRecord.h */ = {isa = PBXFileReference; fileEncoding = 4; lastKnownFileType = sourcecode.c.h; path = "NSPersistentStoreCoordinator+MagicalRecord.h"; sourceTree = "<group>"; };
		4A6482FB1A7322D700746A16 /* NSPersistentStoreCoordinator+MagicalRecord.m */ = {isa = PBXFileReference; fileEncoding = 4; lastKnownFileType = sourcecode.c.objc; path = "NSPersistentStoreCoordinator+MagicalRecord.m"; sourceTree = "<group>"; };
		4A6482FD1A7322D700746A16 /* MagicalRecord+Actions.h */ = {isa = PBXFileReference; fileEncoding = 4; lastKnownFileType = sourcecode.c.h; path = "MagicalRecord+Actions.h"; sourceTree = "<group>"; };
		4A6482FE1A7322D700746A16 /* MagicalRecord+Actions.m */ = {isa = PBXFileReference; fileEncoding = 4; lastKnownFileType = sourcecode.c.objc; path = "MagicalRecord+Actions.m"; sourceTree = "<group>"; };
		4A6482FF1A7322D700746A16 /* MagicalRecord+ErrorHandling.h */ = {isa = PBXFileReference; fileEncoding = 4; lastKnownFileType = sourcecode.c.h; path = "MagicalRecord+ErrorHandling.h"; sourceTree = "<group>"; };
		4A6483001A7322D700746A16 /* MagicalRecord+ErrorHandling.m */ = {isa = PBXFileReference; fileEncoding = 4; lastKnownFileType = sourcecode.c.objc; path = "MagicalRecord+ErrorHandling.m"; sourceTree = "<group>"; };
		4A6483011A7322D700746A16 /* MagicalRecord+iCloud.h */ = {isa = PBXFileReference; fileEncoding = 4; lastKnownFileType = sourcecode.c.h; path = "MagicalRecord+iCloud.h"; sourceTree = "<group>"; };
		4A6483021A7322D700746A16 /* MagicalRecord+iCloud.m */ = {isa = PBXFileReference; fileEncoding = 4; lastKnownFileType = sourcecode.c.objc; path = "MagicalRecord+iCloud.m"; sourceTree = "<group>"; };
		4A6483031A7322D700746A16 /* MagicalRecord+Options.h */ = {isa = PBXFileReference; fileEncoding = 4; lastKnownFileType = sourcecode.c.h; path = "MagicalRecord+Options.h"; sourceTree = "<group>"; };
		4A6483041A7322D700746A16 /* MagicalRecord+Options.m */ = {isa = PBXFileReference; fileEncoding = 4; lastKnownFileType = sourcecode.c.objc; path = "MagicalRecord+Options.m"; sourceTree = "<group>"; };
		4A6483051A7322D700746A16 /* MagicalRecord+Setup.h */ = {isa = PBXFileReference; fileEncoding = 4; lastKnownFileType = sourcecode.c.h; path = "MagicalRecord+Setup.h"; sourceTree = "<group>"; };
		4A6483061A7322D700746A16 /* MagicalRecord+Setup.m */ = {isa = PBXFileReference; fileEncoding = 4; lastKnownFileType = sourcecode.c.objc; path = "MagicalRecord+Setup.m"; sourceTree = "<group>"; };
		4A6483071A7322D700746A16 /* MagicalRecord+ShorthandSupport.h */ = {isa = PBXFileReference; fileEncoding = 4; lastKnownFileType = sourcecode.c.h; path = "MagicalRecord+ShorthandSupport.h"; sourceTree = "<group>"; };
		4A6483081A7322D700746A16 /* MagicalRecord+ShorthandSupport.m */ = {isa = PBXFileReference; fileEncoding = 4; lastKnownFileType = sourcecode.c.objc; path = "MagicalRecord+ShorthandSupport.m"; sourceTree = "<group>"; };
		4A6483091A7322D700746A16 /* MagicalRecord.h */ = {isa = PBXFileReference; fileEncoding = 4; lastKnownFileType = sourcecode.c.h; path = MagicalRecord.h; sourceTree = "<group>"; };
		4A64830A1A7322D700746A16 /* MagicalRecord.m */ = {isa = PBXFileReference; fileEncoding = 4; lastKnownFileType = sourcecode.c.objc; path = MagicalRecord.m; sourceTree = "<group>"; };
		4A64830B1A7322D700746A16 /* MagicalRecordDeprecated.h */ = {isa = PBXFileReference; fileEncoding = 4; lastKnownFileType = sourcecode.c.h; path = MagicalRecordDeprecated.h; sourceTree = "<group>"; };
		4A64830C1A7322D700746A16 /* MagicalRecordLogging.h */ = {isa = PBXFileReference; fileEncoding = 4; lastKnownFileType = sourcecode.c.h; path = MagicalRecordLogging.h; sourceTree = "<group>"; };
		4A64830D1A7322D700746A16 /* MagicalRecordShorthand.h */ = {isa = PBXFileReference; fileEncoding = 4; lastKnownFileType = sourcecode.c.h; path = MagicalRecordShorthand.h; sourceTree = "<group>"; };
		4A64830E1A7322D700746A16 /* CoreData+MagicalRecord.h */ = {isa = PBXFileReference; fileEncoding = 4; lastKnownFileType = sourcecode.c.h; path = "CoreData+MagicalRecord.h"; sourceTree = "<group>"; };
		4A64832B1A73237800746A16 /* CabAgg.xcdatamodel */ = {isa = PBXFileReference; lastKnownFileType = wrapper.xcdatamodel; path = CabAgg.xcdatamodel; sourceTree = "<group>"; };
		4A64832D1A73246400746A16 /* Search.h */ = {isa = PBXFileReference; fileEncoding = 4; lastKnownFileType = sourcecode.c.h; path = Search.h; sourceTree = "<group>"; };
		4A64832E1A73246400746A16 /* Search.m */ = {isa = PBXFileReference; fileEncoding = 4; lastKnownFileType = sourcecode.c.objc; path = Search.m; sourceTree = "<group>"; };
		4A6483311A7A579A00746A16 /* CachedPolyline.h */ = {isa = PBXFileReference; fileEncoding = 4; lastKnownFileType = sourcecode.c.h; path = CachedPolyline.h; sourceTree = "<group>"; };
		4A6483321A7A579A00746A16 /* CachedPolyline.m */ = {isa = PBXFileReference; fileEncoding = 4; lastKnownFileType = sourcecode.c.objc; path = CachedPolyline.m; sourceTree = "<group>"; };
		4A6483341A7B7DAA00746A16 /* MoreInfoViewController.h */ = {isa = PBXFileReference; fileEncoding = 4; lastKnownFileType = sourcecode.c.h; path = MoreInfoViewController.h; sourceTree = "<group>"; };
		4A6483351A7B7DAA00746A16 /* MoreInfoViewController.m */ = {isa = PBXFileReference; fileEncoding = 4; lastKnownFileType = sourcecode.c.objc; path = MoreInfoViewController.m; sourceTree = "<group>"; };
		4A6483361A7B7DAA00746A16 /* MoreInfoViewController.xib */ = {isa = PBXFileReference; fileEncoding = 4; lastKnownFileType = file.xib; path = MoreInfoViewController.xib; sourceTree = "<group>"; };
		4A6483391A92FCA800746A16 /* ResultsView.h */ = {isa = PBXFileReference; fileEncoding = 4; lastKnownFileType = sourcecode.c.h; path = ResultsView.h; sourceTree = "<group>"; };
		4A64833A1A92FCA800746A16 /* ResultsView.m */ = {isa = PBXFileReference; fileEncoding = 4; lastKnownFileType = sourcecode.c.objc; path = ResultsView.m; sourceTree = "<group>"; };
		4A64833C1A93437600746A16 /* PinkMustacheLyft.png */ = {isa = PBXFileReference; lastKnownFileType = image.png; path = PinkMustacheLyft.png; sourceTree = "<group>"; };
		4A64833D1A93437600746A16 /* UberPinDropShadow.png */ = {isa = PBXFileReference; lastKnownFileType = image.png; path = UberPinDropShadow.png; sourceTree = "<group>"; };
		4A6483401A9364B500746A16 /* cabalot.png */ = {isa = PBXFileReference; lastKnownFileType = image.png; path = cabalot.png; sourceTree = "<group>"; };
		4A780FCA1AB6BE9500E9898C /* myLocation@2x.png */ = {isa = PBXFileReference; lastKnownFileType = image.png; path = "myLocation@2x.png"; sourceTree = "<group>"; };
		4A780FCB1AB6BE9500E9898C /* myLocation@3x.png */ = {isa = PBXFileReference; lastKnownFileType = image.png; path = "myLocation@3x.png"; sourceTree = "<group>"; };
		4A780FCF1AB6F3F300E9898C /* OnboardingContentViewController.h */ = {isa = PBXFileReference; fileEncoding = 4; lastKnownFileType = sourcecode.c.h; path = OnboardingContentViewController.h; sourceTree = "<group>"; };
		4A780FD01AB6F3F300E9898C /* OnboardingContentViewController.m */ = {isa = PBXFileReference; fileEncoding = 4; lastKnownFileType = sourcecode.c.objc; path = OnboardingContentViewController.m; sourceTree = "<group>"; };
		4A780FD11AB6F3F300E9898C /* OnboardingViewController.h */ = {isa = PBXFileReference; fileEncoding = 4; lastKnownFileType = sourcecode.c.h; path = OnboardingViewController.h; sourceTree = "<group>"; };
		4A780FD21AB6F3F300E9898C /* OnboardingViewController.m */ = {isa = PBXFileReference; fileEncoding = 4; lastKnownFileType = sourcecode.c.objc; path = OnboardingViewController.m; sourceTree = "<group>"; };
		4A780FD51AB82E0B00E9898C /* onboarding1.png */ = {isa = PBXFileReference; lastKnownFileType = image.png; path = onboarding1.png; sourceTree = "<group>"; };
		4A780FD71ABC0AE500E9898C /* UIView+LoadingSpinner.h */ = {isa = PBXFileReference; fileEncoding = 4; lastKnownFileType = sourcecode.c.h; path = "UIView+LoadingSpinner.h"; sourceTree = "<group>"; };
		4A780FD81ABC0AE500E9898C /* UIView+LoadingSpinner.m */ = {isa = PBXFileReference; fileEncoding = 4; lastKnownFileType = sourcecode.c.objc; path = "UIView+LoadingSpinner.m"; sourceTree = "<group>"; };
		4A80E4C41AD662EC007E0D07 /* LyftHttpClient.h */ = {isa = PBXFileReference; fileEncoding = 4; lastKnownFileType = sourcecode.c.h; path = LyftHttpClient.h; sourceTree = "<group>"; };
		4A80E4C51AD662EC007E0D07 /* LyftHttpClient.m */ = {isa = PBXFileReference; fileEncoding = 4; lastKnownFileType = sourcecode.c.objc; path = LyftHttpClient.m; sourceTree = "<group>"; };
		4ACD61751AA048E7009DD5D6 /* RequestBox@2x.png */ = {isa = PBXFileReference; lastKnownFileType = image.png; path = "RequestBox@2x.png"; sourceTree = "<group>"; };
		4ACD61771AA050D2009DD5D6 /* Check@2x.png */ = {isa = PBXFileReference; lastKnownFileType = image.png; path = "Check@2x.png"; sourceTree = "<group>"; };
		4ACD61781AA050D2009DD5D6 /* Circle@2x.png */ = {isa = PBXFileReference; lastKnownFileType = image.png; path = "Circle@2x.png"; sourceTree = "<group>"; };
		4ACD617C1AA337CE009DD5D6 /* iRate.bundle */ = {isa = PBXFileReference; lastKnownFileType = "wrapper.plug-in"; path = iRate.bundle; sourceTree = "<group>"; };
		4ACD617D1AA337CE009DD5D6 /* iRate.h */ = {isa = PBXFileReference; fileEncoding = 4; lastKnownFileType = sourcecode.c.h; path = iRate.h; sourceTree = "<group>"; };
		4ACD617E1AA337CE009DD5D6 /* iRate.m */ = {isa = PBXFileReference; fileEncoding = 4; lastKnownFileType = sourcecode.c.objc; path = iRate.m; sourceTree = "<group>"; };
		4ACD61871AA4532F009DD5D6 /* ExtraViewController.h */ = {isa = PBXFileReference; fileEncoding = 4; lastKnownFileType = sourcecode.c.h; path = ExtraViewController.h; sourceTree = "<group>"; };
		4ACD61881AA4532F009DD5D6 /* ExtraViewController.m */ = {isa = PBXFileReference; fileEncoding = 4; lastKnownFileType = sourcecode.c.objc; path = ExtraViewController.m; sourceTree = "<group>"; };
		4ACD61891AA4532F009DD5D6 /* ExtraViewController.xib */ = {isa = PBXFileReference; fileEncoding = 4; lastKnownFileType = file.xib; path = ExtraViewController.xib; sourceTree = "<group>"; };
		4ACD618C1AA45C44009DD5D6 /* close-icon.png */ = {isa = PBXFileReference; lastKnownFileType = image.png; path = "close-icon.png"; sourceTree = "<group>"; };
		4ACD618E1AA8497D009DD5D6 /* uber-pin@3x.png */ = {isa = PBXFileReference; lastKnownFileType = image.png; path = "uber-pin@3x.png"; sourceTree = "<group>"; };
		4ACD618F1AA8497D009DD5D6 /* uber-pin@2x.png */ = {isa = PBXFileReference; lastKnownFileType = image.png; path = "uber-pin@2x.png"; sourceTree = "<group>"; };
		4ACD61901AA8497D009DD5D6 /* lyft-pin@3x.png */ = {isa = PBXFileReference; lastKnownFileType = image.png; path = "lyft-pin@3x.png"; sourceTree = "<group>"; };
		4ACD61911AA8497D009DD5D6 /* lyft-pin@2x.png */ = {isa = PBXFileReference; lastKnownFileType = image.png; path = "lyft-pin@2x.png"; sourceTree = "<group>"; };
		4ACD61961AA9CE4C009DD5D6 /* logo@2x.png */ = {isa = PBXFileReference; lastKnownFileType = image.png; path = "logo@2x.png"; sourceTree = "<group>"; };
		4ACD61971AA9CE4C009DD5D6 /* logo@3x.png */ = {isa = PBXFileReference; lastKnownFileType = image.png; path = "logo@3x.png"; sourceTree = "<group>"; };
		4ACD619A1AA9D19D009DD5D6 /* logo-big@2x.png */ = {isa = PBXFileReference; lastKnownFileType = image.png; path = "logo-big@2x.png"; sourceTree = "<group>"; };
		4ACD619B1AA9D19D009DD5D6 /* logo-big@3x.png */ = {isa = PBXFileReference; lastKnownFileType = image.png; path = "logo-big@3x.png"; sourceTree = "<group>"; };
		4ACD619E1AA9D689009DD5D6 /* greenMapIcon@2x.png */ = {isa = PBXFileReference; lastKnownFileType = image.png; path = "greenMapIcon@2x.png"; sourceTree = "<group>"; };
		4ACD619F1AA9D689009DD5D6 /* greenMapIcon@3x.png */ = {isa = PBXFileReference; lastKnownFileType = image.png; path = "greenMapIcon@3x.png"; sourceTree = "<group>"; };
		4ACD61A21AA9D690009DD5D6 /* redMapIcon@2x.png */ = {isa = PBXFileReference; lastKnownFileType = image.png; path = "redMapIcon@2x.png"; sourceTree = "<group>"; };
		4ACD61A31AA9D690009DD5D6 /* redMapIcon@3x.png */ = {isa = PBXFileReference; lastKnownFileType = image.png; path = "redMapIcon@3x.png"; sourceTree = "<group>"; };
		4AE6D26C1A59ECD2008B9221 /* Cabalot.app */ = {isa = PBXFileReference; explicitFileType = wrapper.application; includeInIndex = 0; path = Cabalot.app; sourceTree = BUILT_PRODUCTS_DIR; };
		4AE6D2701A59ECD2008B9221 /* Info.plist */ = {isa = PBXFileReference; lastKnownFileType = text.plist.xml; path = Info.plist; sourceTree = "<group>"; };
		4AE6D2711A59ECD2008B9221 /* main.m */ = {isa = PBXFileReference; lastKnownFileType = sourcecode.c.objc; path = main.m; sourceTree = "<group>"; };
		4AE6D2731A59ECD2008B9221 /* AppDelegate.h */ = {isa = PBXFileReference; lastKnownFileType = sourcecode.c.h; path = AppDelegate.h; sourceTree = "<group>"; };
		4AE6D2741A59ECD2008B9221 /* AppDelegate.m */ = {isa = PBXFileReference; lastKnownFileType = sourcecode.c.objc; path = AppDelegate.m; sourceTree = "<group>"; };
		4AE6D27C1A59ECD2008B9221 /* Images.xcassets */ = {isa = PBXFileReference; lastKnownFileType = folder.assetcatalog; path = Images.xcassets; sourceTree = "<group>"; };
		4AE6D27F1A59ECD2008B9221 /* Base */ = {isa = PBXFileReference; lastKnownFileType = file.xib; name = Base; path = Base.lproj/LaunchScreen.xib; sourceTree = "<group>"; };
		4AE6D2851A59ECD2008B9221 /* cabAggTests.xctest */ = {isa = PBXFileReference; explicitFileType = wrapper.cfbundle; includeInIndex = 0; path = cabAggTests.xctest; sourceTree = BUILT_PRODUCTS_DIR; };
		4AE6D28A1A59ECD2008B9221 /* Info.plist */ = {isa = PBXFileReference; lastKnownFileType = text.plist.xml; path = Info.plist; sourceTree = "<group>"; };
		4AE6D28B1A59ECD2008B9221 /* cabAggTests.m */ = {isa = PBXFileReference; lastKnownFileType = sourcecode.c.objc; path = cabAggTests.m; sourceTree = "<group>"; };
		4AE6D2971A59ED31008B9221 /* AFHTTPRequestOperation.h */ = {isa = PBXFileReference; fileEncoding = 4; lastKnownFileType = sourcecode.c.h; path = AFHTTPRequestOperation.h; sourceTree = "<group>"; };
		4AE6D2981A59ED31008B9221 /* AFHTTPRequestOperation.m */ = {isa = PBXFileReference; fileEncoding = 4; lastKnownFileType = sourcecode.c.objc; path = AFHTTPRequestOperation.m; sourceTree = "<group>"; };
		4AE6D2991A59ED31008B9221 /* AFHTTPRequestOperationManager.h */ = {isa = PBXFileReference; fileEncoding = 4; lastKnownFileType = sourcecode.c.h; path = AFHTTPRequestOperationManager.h; sourceTree = "<group>"; };
		4AE6D29A1A59ED31008B9221 /* AFHTTPRequestOperationManager.m */ = {isa = PBXFileReference; fileEncoding = 4; lastKnownFileType = sourcecode.c.objc; path = AFHTTPRequestOperationManager.m; sourceTree = "<group>"; };
		4AE6D29B1A59ED31008B9221 /* AFHTTPSessionManager.h */ = {isa = PBXFileReference; fileEncoding = 4; lastKnownFileType = sourcecode.c.h; path = AFHTTPSessionManager.h; sourceTree = "<group>"; };
		4AE6D29C1A59ED31008B9221 /* AFHTTPSessionManager.m */ = {isa = PBXFileReference; fileEncoding = 4; lastKnownFileType = sourcecode.c.objc; path = AFHTTPSessionManager.m; sourceTree = "<group>"; };
		4AE6D29D1A59ED31008B9221 /* AFNetworking.h */ = {isa = PBXFileReference; fileEncoding = 4; lastKnownFileType = sourcecode.c.h; path = AFNetworking.h; sourceTree = "<group>"; };
		4AE6D29E1A59ED31008B9221 /* AFNetworkReachabilityManager.h */ = {isa = PBXFileReference; fileEncoding = 4; lastKnownFileType = sourcecode.c.h; path = AFNetworkReachabilityManager.h; sourceTree = "<group>"; };
		4AE6D29F1A59ED31008B9221 /* AFNetworkReachabilityManager.m */ = {isa = PBXFileReference; fileEncoding = 4; lastKnownFileType = sourcecode.c.objc; path = AFNetworkReachabilityManager.m; sourceTree = "<group>"; };
		4AE6D2A01A59ED31008B9221 /* AFSecurityPolicy.h */ = {isa = PBXFileReference; fileEncoding = 4; lastKnownFileType = sourcecode.c.h; path = AFSecurityPolicy.h; sourceTree = "<group>"; };
		4AE6D2A11A59ED31008B9221 /* AFSecurityPolicy.m */ = {isa = PBXFileReference; fileEncoding = 4; lastKnownFileType = sourcecode.c.objc; path = AFSecurityPolicy.m; sourceTree = "<group>"; };
		4AE6D2A21A59ED31008B9221 /* AFURLConnectionOperation.h */ = {isa = PBXFileReference; fileEncoding = 4; lastKnownFileType = sourcecode.c.h; path = AFURLConnectionOperation.h; sourceTree = "<group>"; };
		4AE6D2A31A59ED31008B9221 /* AFURLConnectionOperation.m */ = {isa = PBXFileReference; fileEncoding = 4; lastKnownFileType = sourcecode.c.objc; path = AFURLConnectionOperation.m; sourceTree = "<group>"; };
		4AE6D2A41A59ED31008B9221 /* AFURLRequestSerialization.h */ = {isa = PBXFileReference; fileEncoding = 4; lastKnownFileType = sourcecode.c.h; path = AFURLRequestSerialization.h; sourceTree = "<group>"; };
		4AE6D2A51A59ED31008B9221 /* AFURLRequestSerialization.m */ = {isa = PBXFileReference; fileEncoding = 4; lastKnownFileType = sourcecode.c.objc; path = AFURLRequestSerialization.m; sourceTree = "<group>"; };
		4AE6D2A61A59ED31008B9221 /* AFURLResponseSerialization.h */ = {isa = PBXFileReference; fileEncoding = 4; lastKnownFileType = sourcecode.c.h; path = AFURLResponseSerialization.h; sourceTree = "<group>"; };
		4AE6D2A71A59ED31008B9221 /* AFURLResponseSerialization.m */ = {isa = PBXFileReference; fileEncoding = 4; lastKnownFileType = sourcecode.c.objc; path = AFURLResponseSerialization.m; sourceTree = "<group>"; };
		4AE6D2A81A59ED31008B9221 /* AFURLSessionManager.h */ = {isa = PBXFileReference; fileEncoding = 4; lastKnownFileType = sourcecode.c.h; path = AFURLSessionManager.h; sourceTree = "<group>"; };
		4AE6D2A91A59ED31008B9221 /* AFURLSessionManager.m */ = {isa = PBXFileReference; fileEncoding = 4; lastKnownFileType = sourcecode.c.objc; path = AFURLSessionManager.m; sourceTree = "<group>"; };
		4AE6D2B31A5A1F2A008B9221 /* GoogleMaps.framework */ = {isa = PBXFileReference; lastKnownFileType = wrapper.framework; path = GoogleMaps.framework; sourceTree = "<group>"; };
		4AE6D2B51A5A1F78008B9221 /* GoogleMaps.bundle */ = {isa = PBXFileReference; lastKnownFileType = "wrapper.plug-in"; name = GoogleMaps.bundle; path = GoogleMaps.framework/Versions/A/Resources/GoogleMaps.bundle; sourceTree = "<group>"; };
		4AE6D2B71A5A1F99008B9221 /* AVFoundation.framework */ = {isa = PBXFileReference; lastKnownFileType = wrapper.framework; name = AVFoundation.framework; path = System/Library/Frameworks/AVFoundation.framework; sourceTree = SDKROOT; };
		4AE6D2B91A5A1FAC008B9221 /* CoreLocation.framework */ = {isa = PBXFileReference; lastKnownFileType = wrapper.framework; name = CoreLocation.framework; path = System/Library/Frameworks/CoreLocation.framework; sourceTree = SDKROOT; };
		4AE6D2BB1A5A1FB5008B9221 /* CoreData.framework */ = {isa = PBXFileReference; lastKnownFileType = wrapper.framework; name = CoreData.framework; path = System/Library/Frameworks/CoreData.framework; sourceTree = SDKROOT; };
		4AE6D2BD1A5A1FCA008B9221 /* CoreText.framework */ = {isa = PBXFileReference; lastKnownFileType = wrapper.framework; name = CoreText.framework; path = System/Library/Frameworks/CoreText.framework; sourceTree = SDKROOT; };
		4AE6D2BF1A5A1FCF008B9221 /* GLKit.framework */ = {isa = PBXFileReference; lastKnownFileType = wrapper.framework; name = GLKit.framework; path = System/Library/Frameworks/GLKit.framework; sourceTree = SDKROOT; };
		4AE6D2C11A5A1FDB008B9221 /* ImageIO.framework */ = {isa = PBXFileReference; lastKnownFileType = wrapper.framework; name = ImageIO.framework; path = System/Library/Frameworks/ImageIO.framework; sourceTree = SDKROOT; };
		4AE6D2C31A5A1FE7008B9221 /* libc++.dylib */ = {isa = PBXFileReference; lastKnownFileType = "compiled.mach-o.dylib"; name = "libc++.dylib"; path = "usr/lib/libc++.dylib"; sourceTree = SDKROOT; };
		4AE6D2C51A5A1FF6008B9221 /* libicucore.dylib */ = {isa = PBXFileReference; lastKnownFileType = "compiled.mach-o.dylib"; name = libicucore.dylib; path = usr/lib/libicucore.dylib; sourceTree = SDKROOT; };
		4AE6D2C71A5A2001008B9221 /* libz.dylib */ = {isa = PBXFileReference; lastKnownFileType = "compiled.mach-o.dylib"; name = libz.dylib; path = usr/lib/libz.dylib; sourceTree = SDKROOT; };
		4AE6D2C91A5A2009008B9221 /* OpenGLES.framework */ = {isa = PBXFileReference; lastKnownFileType = wrapper.framework; name = OpenGLES.framework; path = System/Library/Frameworks/OpenGLES.framework; sourceTree = SDKROOT; };
		4AE6D2CB1A5A2014008B9221 /* QuartzCore.framework */ = {isa = PBXFileReference; lastKnownFileType = wrapper.framework; name = QuartzCore.framework; path = System/Library/Frameworks/QuartzCore.framework; sourceTree = SDKROOT; };
		4AE6D2CD1A5A201F008B9221 /* SystemConfiguration.framework */ = {isa = PBXFileReference; lastKnownFileType = wrapper.framework; name = SystemConfiguration.framework; path = System/Library/Frameworks/SystemConfiguration.framework; sourceTree = SDKROOT; };
		4AE6D2CF1A5A2385008B9221 /* CabAggHttpClient.h */ = {isa = PBXFileReference; fileEncoding = 4; lastKnownFileType = sourcecode.c.h; path = CabAggHttpClient.h; sourceTree = "<group>"; };
		4AE6D2D01A5A2385008B9221 /* CabAggHttpClient.m */ = {isa = PBXFileReference; fileEncoding = 4; lastKnownFileType = sourcecode.c.objc; path = CabAggHttpClient.m; sourceTree = "<group>"; };
		4AE6D2D71A5A7F89008B9221 /* newLocation.png */ = {isa = PBXFileReference; lastKnownFileType = image.png; name = newLocation.png; path = ../../../kanav/newLocation.png; sourceTree = "<group>"; };
		4AE7AD831B15B47E00BE8DED /* Fabric.framework */ = {isa = PBXFileReference; lastKnownFileType = wrapper.framework; path = Fabric.framework; sourceTree = "<group>"; };
		4AE7AD841B15B47E00BE8DED /* Crashlytics.framework */ = {isa = PBXFileReference; lastKnownFileType = wrapper.framework; path = Crashlytics.framework; sourceTree = "<group>"; };
		4AE7AD871B1C0FD000BE8DED /* EventLogger.h */ = {isa = PBXFileReference; fileEncoding = 4; lastKnownFileType = sourcecode.c.h; name = EventLogger.h; path = ../EventLogger.h; sourceTree = "<group>"; };
		4AE7AD881B1C0FD000BE8DED /* EventLogger.m */ = {isa = PBXFileReference; fileEncoding = 4; lastKnownFileType = sourcecode.c.objc; name = EventLogger.m; path = ../EventLogger.m; sourceTree = "<group>"; };
		4AE8F5F61AA9E9750024EABF /* stock-photo.jpeg */ = {isa = PBXFileReference; lastKnownFileType = image.jpeg; path = "stock-photo.jpeg"; sourceTree = "<group>"; };
/* End PBXFileReference section */

/* Begin PBXFrameworksBuildPhase section */
		4AE6D2691A59ECD2008B9221 /* Frameworks */ = {
			isa = PBXFrameworksBuildPhase;
			buildActionMask = 2147483647;
			files = (
				4AE6D2CE1A5A201F008B9221 /* SystemConfiguration.framework in Frameworks */,
				4AE7AD861B15B47E00BE8DED /* Crashlytics.framework in Frameworks */,
				4AE6D2CC1A5A2014008B9221 /* QuartzCore.framework in Frameworks */,
				4AE6D2CA1A5A2009008B9221 /* OpenGLES.framework in Frameworks */,
				4AE6D2C81A5A2001008B9221 /* libz.dylib in Frameworks */,
				4AE6D2C61A5A1FF6008B9221 /* libicucore.dylib in Frameworks */,
				4AE6D2C41A5A1FE7008B9221 /* libc++.dylib in Frameworks */,
				4AE6D2C21A5A1FDB008B9221 /* ImageIO.framework in Frameworks */,
				4AE7AD851B15B47E00BE8DED /* Fabric.framework in Frameworks */,
				4AE6D2C01A5A1FCF008B9221 /* GLKit.framework in Frameworks */,
				4AE6D2BE1A5A1FCA008B9221 /* CoreText.framework in Frameworks */,
				4AE6D2BC1A5A1FB5008B9221 /* CoreData.framework in Frameworks */,
				4AE6D2BA1A5A1FAC008B9221 /* CoreLocation.framework in Frameworks */,
				4AE6D2B81A5A1F99008B9221 /* AVFoundation.framework in Frameworks */,
				4AE6D2B41A5A1F2A008B9221 /* GoogleMaps.framework in Frameworks */,
			);
			runOnlyForDeploymentPostprocessing = 0;
		};
		4AE6D2821A59ECD2008B9221 /* Frameworks */ = {
			isa = PBXFrameworksBuildPhase;
			buildActionMask = 2147483647;
			files = (
			);
			runOnlyForDeploymentPostprocessing = 0;
		};
/* End PBXFrameworksBuildPhase section */

/* Begin PBXGroup section */
		4A6482A81A667DA000746A16 /* Resources */ = {
			isa = PBXGroup;
			children = (
				4A780FD51AB82E0B00E9898C /* onboarding1.png */,
				4A780FCA1AB6BE9500E9898C /* myLocation@2x.png */,
				4A780FCB1AB6BE9500E9898C /* myLocation@3x.png */,
				4AE8F5F61AA9E9750024EABF /* stock-photo.jpeg */,
				4ACD61A21AA9D690009DD5D6 /* redMapIcon@2x.png */,
				4ACD61A31AA9D690009DD5D6 /* redMapIcon@3x.png */,
				4ACD619E1AA9D689009DD5D6 /* greenMapIcon@2x.png */,
				4ACD619F1AA9D689009DD5D6 /* greenMapIcon@3x.png */,
				4ACD619A1AA9D19D009DD5D6 /* logo-big@2x.png */,
				4ACD619B1AA9D19D009DD5D6 /* logo-big@3x.png */,
				4ACD61961AA9CE4C009DD5D6 /* logo@2x.png */,
				4ACD61971AA9CE4C009DD5D6 /* logo@3x.png */,
				4ACD618E1AA8497D009DD5D6 /* uber-pin@3x.png */,
				4ACD618F1AA8497D009DD5D6 /* uber-pin@2x.png */,
				4ACD61901AA8497D009DD5D6 /* lyft-pin@3x.png */,
				4ACD61911AA8497D009DD5D6 /* lyft-pin@2x.png */,
				4ACD618C1AA45C44009DD5D6 /* close-icon.png */,
				4ACD61771AA050D2009DD5D6 /* Check@2x.png */,
				4ACD61781AA050D2009DD5D6 /* Circle@2x.png */,
				4ACD61751AA048E7009DD5D6 /* RequestBox@2x.png */,
				4A64833C1A93437600746A16 /* PinkMustacheLyft.png */,
				4A6483401A9364B500746A16 /* cabalot.png */,
				4A64833D1A93437600746A16 /* UberPinDropShadow.png */,
				4A6482A91A667DB100746A16 /* goMyLocation.png */,
				4A6482CD1A67D69A00746A16 /* blackCircle.png */,
			);
			name = Resources;
			sourceTree = "<group>";
		};
		4A6482CF1A7322D700746A16 /* MagicalRecord */ = {
			isa = PBXGroup;
			children = (
				4A6482D01A7322D700746A16 /* Categories */,
				4A6482FC1A7322D700746A16 /* Core */,
				4A64830E1A7322D700746A16 /* CoreData+MagicalRecord.h */,
			);
			path = MagicalRecord;
			sourceTree = "<group>";
		};
		4A6482D01A7322D700746A16 /* Categories */ = {
			isa = PBXGroup;
			children = (
				4A6482D11A7322D700746A16 /* DataImport */,
				4A6482E01A7322D700746A16 /* NSManagedObject */,
				4A6482EB1A7322D700746A16 /* NSManagedObjectContext */,
				4A6482F61A7322D700746A16 /* NSManagedObjectModel+MagicalRecord.h */,
				4A6482F71A7322D700746A16 /* NSManagedObjectModel+MagicalRecord.m */,
				4A6482F81A7322D700746A16 /* NSPersistentStore+MagicalRecord.h */,
				4A6482F91A7322D700746A16 /* NSPersistentStore+MagicalRecord.m */,
				4A6482FA1A7322D700746A16 /* NSPersistentStoreCoordinator+MagicalRecord.h */,
				4A6482FB1A7322D700746A16 /* NSPersistentStoreCoordinator+MagicalRecord.m */,
			);
			path = Categories;
			sourceTree = "<group>";
		};
		4A6482D11A7322D700746A16 /* DataImport */ = {
			isa = PBXGroup;
			children = (
				4A6482D21A7322D700746A16 /* MagicalImportFunctions.h */,
				4A6482D31A7322D700746A16 /* MagicalImportFunctions.m */,
				4A6482D41A7322D700746A16 /* NSAttributeDescription+MagicalDataImport.h */,
				4A6482D51A7322D700746A16 /* NSAttributeDescription+MagicalDataImport.m */,
				4A6482D61A7322D700746A16 /* NSEntityDescription+MagicalDataImport.h */,
				4A6482D71A7322D700746A16 /* NSEntityDescription+MagicalDataImport.m */,
				4A6482D81A7322D700746A16 /* NSNumber+MagicalDataImport.h */,
				4A6482D91A7322D700746A16 /* NSNumber+MagicalDataImport.m */,
				4A6482DA1A7322D700746A16 /* NSObject+MagicalDataImport.h */,
				4A6482DB1A7322D700746A16 /* NSObject+MagicalDataImport.m */,
				4A6482DC1A7322D700746A16 /* NSRelationshipDescription+MagicalDataImport.h */,
				4A6482DD1A7322D700746A16 /* NSRelationshipDescription+MagicalDataImport.m */,
				4A6482DE1A7322D700746A16 /* NSString+MagicalDataImport.h */,
				4A6482DF1A7322D700746A16 /* NSString+MagicalDataImport.m */,
			);
			path = DataImport;
			sourceTree = "<group>";
		};
		4A6482E01A7322D700746A16 /* NSManagedObject */ = {
			isa = PBXGroup;
			children = (
				4A6482E11A7322D700746A16 /* NSManagedObject+MagicalAggregation.h */,
				4A6482E21A7322D700746A16 /* NSManagedObject+MagicalAggregation.m */,
				4A6482E31A7322D700746A16 /* NSManagedObject+MagicalDataImport.h */,
				4A6482E41A7322D700746A16 /* NSManagedObject+MagicalDataImport.m */,
				4A6482E51A7322D700746A16 /* NSManagedObject+MagicalFinders.h */,
				4A6482E61A7322D700746A16 /* NSManagedObject+MagicalFinders.m */,
				4A6482E71A7322D700746A16 /* NSManagedObject+MagicalRecord.h */,
				4A6482E81A7322D700746A16 /* NSManagedObject+MagicalRecord.m */,
				4A6482E91A7322D700746A16 /* NSManagedObject+MagicalRequests.h */,
				4A6482EA1A7322D700746A16 /* NSManagedObject+MagicalRequests.m */,
			);
			path = NSManagedObject;
			sourceTree = "<group>";
		};
		4A6482EB1A7322D700746A16 /* NSManagedObjectContext */ = {
			isa = PBXGroup;
			children = (
				4A6482EC1A7322D700746A16 /* NSManagedObjectContext+MagicalChainSave.h */,
				4A6482ED1A7322D700746A16 /* NSManagedObjectContext+MagicalChainSave.m */,
				4A6482EE1A7322D700746A16 /* NSManagedObjectContext+MagicalObserving.h */,
				4A6482EF1A7322D700746A16 /* NSManagedObjectContext+MagicalObserving.m */,
				4A6482F01A7322D700746A16 /* NSManagedObjectContext+MagicalRecord.h */,
				4A6482F11A7322D700746A16 /* NSManagedObjectContext+MagicalRecord.m */,
				4A6482F21A7322D700746A16 /* NSManagedObjectContext+MagicalSaves.h */,
				4A6482F31A7322D700746A16 /* NSManagedObjectContext+MagicalSaves.m */,
				4A6482F41A7322D700746A16 /* NSManagedObjectContext+MagicalThreading.h */,
				4A6482F51A7322D700746A16 /* NSManagedObjectContext+MagicalThreading.m */,
			);
			path = NSManagedObjectContext;
			sourceTree = "<group>";
		};
		4A6482FC1A7322D700746A16 /* Core */ = {
			isa = PBXGroup;
			children = (
				4A6482FD1A7322D700746A16 /* MagicalRecord+Actions.h */,
				4A6482FE1A7322D700746A16 /* MagicalRecord+Actions.m */,
				4A6482FF1A7322D700746A16 /* MagicalRecord+ErrorHandling.h */,
				4A6483001A7322D700746A16 /* MagicalRecord+ErrorHandling.m */,
				4A6483011A7322D700746A16 /* MagicalRecord+iCloud.h */,
				4A6483021A7322D700746A16 /* MagicalRecord+iCloud.m */,
				4A6483031A7322D700746A16 /* MagicalRecord+Options.h */,
				4A6483041A7322D700746A16 /* MagicalRecord+Options.m */,
				4A6483051A7322D700746A16 /* MagicalRecord+Setup.h */,
				4A6483061A7322D700746A16 /* MagicalRecord+Setup.m */,
				4A6483071A7322D700746A16 /* MagicalRecord+ShorthandSupport.h */,
				4A6483081A7322D700746A16 /* MagicalRecord+ShorthandSupport.m */,
				4A6483091A7322D700746A16 /* MagicalRecord.h */,
				4A64830A1A7322D700746A16 /* MagicalRecord.m */,
				4A64830B1A7322D700746A16 /* MagicalRecordDeprecated.h */,
				4A64830C1A7322D700746A16 /* MagicalRecordLogging.h */,
				4A64830D1A7322D700746A16 /* MagicalRecordShorthand.h */,
			);
			path = Core;
			sourceTree = "<group>";
		};
		4A6483301A73247500746A16 /* CoreData */ = {
			isa = PBXGroup;
			children = (
				4A64832A1A73237800746A16 /* CabAgg.xcdatamodeld */,
				4A64832D1A73246400746A16 /* Search.h */,
				4A64832E1A73246400746A16 /* Search.m */,
			);
			name = CoreData;
			sourceTree = "<group>";
		};
		4A780FCE1AB6F3E000E9898C /* onboard */ = {
			isa = PBXGroup;
			children = (
				4A780FCF1AB6F3F300E9898C /* OnboardingContentViewController.h */,
				4A780FD01AB6F3F300E9898C /* OnboardingContentViewController.m */,
				4A780FD11AB6F3F300E9898C /* OnboardingViewController.h */,
				4A780FD21AB6F3F300E9898C /* OnboardingViewController.m */,
			);
			name = onboard;
			sourceTree = "<group>";
		};
		4ACD617B1AA337CE009DD5D6 /* iRate */ = {
			isa = PBXGroup;
			children = (
				4ACD617C1AA337CE009DD5D6 /* iRate.bundle */,
				4ACD617D1AA337CE009DD5D6 /* iRate.h */,
				4ACD617E1AA337CE009DD5D6 /* iRate.m */,
			);
			path = iRate;
			sourceTree = "<group>";
		};
		4AE6D2631A59ECD2008B9221 = {
			isa = PBXGroup;
			children = (
				4AE7AD831B15B47E00BE8DED /* Fabric.framework */,
				4AE7AD841B15B47E00BE8DED /* Crashlytics.framework */,
				4A6483301A73247500746A16 /* CoreData */,
				4A6482A81A667DA000746A16 /* Resources */,
				4A6482A51A666CA400746A16 /* SetDestinationView.h */,
				4A6482A61A666CA400746A16 /* SetDestinationView.m */,
				4AE6D2CD1A5A201F008B9221 /* SystemConfiguration.framework */,
				4AE6D2CB1A5A2014008B9221 /* QuartzCore.framework */,
				4AE6D2C91A5A2009008B9221 /* OpenGLES.framework */,
				4AE6D2C71A5A2001008B9221 /* libz.dylib */,
				4AE6D2C51A5A1FF6008B9221 /* libicucore.dylib */,
				4AE6D2C31A5A1FE7008B9221 /* libc++.dylib */,
				4AE6D2C11A5A1FDB008B9221 /* ImageIO.framework */,
				4AE6D2BF1A5A1FCF008B9221 /* GLKit.framework */,
				4AE6D2BD1A5A1FCA008B9221 /* CoreText.framework */,
				4AE6D2BB1A5A1FB5008B9221 /* CoreData.framework */,
				4AE6D2B91A5A1FAC008B9221 /* CoreLocation.framework */,
				4AE6D2B71A5A1F99008B9221 /* AVFoundation.framework */,
				4AE6D2B51A5A1F78008B9221 /* GoogleMaps.bundle */,
				4AE6D2B31A5A1F2A008B9221 /* GoogleMaps.framework */,
				4AE6D26E1A59ECD2008B9221 /* cabAgg */,
				4AE6D2881A59ECD2008B9221 /* cabAggTests */,
				4AE6D26D1A59ECD2008B9221 /* Products */,
			);
			sourceTree = "<group>";
		};
		4AE6D26D1A59ECD2008B9221 /* Products */ = {
			isa = PBXGroup;
			children = (
				4AE6D26C1A59ECD2008B9221 /* Cabalot.app */,
				4AE6D2851A59ECD2008B9221 /* cabAggTests.xctest */,
			);
			name = Products;
			sourceTree = "<group>";
		};
		4AE6D26E1A59ECD2008B9221 /* cabAgg */ = {
			isa = PBXGroup;
			children = (
				4AE6D2D71A5A7F89008B9221 /* newLocation.png */,
				4AE6D2951A59ED25008B9221 /* utils */,
				4AE6D2731A59ECD2008B9221 /* AppDelegate.h */,
				4AE6D2741A59ECD2008B9221 /* AppDelegate.m */,
				4A6482AB1A667F5400746A16 /* LocationSearchViewController.h */,
				4A6482AC1A667F5400746A16 /* LocationSearchViewController.m */,
				4A6482AD1A667F5400746A16 /* LocationSearchViewController.xib */,
				4A6482B01A6681E800746A16 /* HTTPClient.h */,
				4A6482B11A6681E800746A16 /* HTTPClient.m */,
				4A80E4C41AD662EC007E0D07 /* LyftHttpClient.h */,
				4A80E4C51AD662EC007E0D07 /* LyftHttpClient.m */,
				4AE7AD871B1C0FD000BE8DED /* EventLogger.h */,
				4AE7AD881B1C0FD000BE8DED /* EventLogger.m */,
				4ACD61871AA4532F009DD5D6 /* ExtraViewController.h */,
				4ACD61881AA4532F009DD5D6 /* ExtraViewController.m */,
				4ACD61891AA4532F009DD5D6 /* ExtraViewController.xib */,
				4A6482B31A668C5600746A16 /* GlobalStateInterface.h */,
				4A6482B41A668C5600746A16 /* GlobalStateInterface.m */,
				4A6482B61A67182B00746A16 /* LocationSearchTableViewCell.h */,
				4A6482B71A67182B00746A16 /* LocationSearchTableViewCell.m */,
				4A6482B81A67182B00746A16 /* LocationSearchTableViewCell.xib */,
				4A6482BF1A67B7A400746A16 /* DisplayResultsCollectionView.h */,
				4A6483391A92FCA800746A16 /* ResultsView.h */,
				4A64833A1A92FCA800746A16 /* ResultsView.m */,
				4A6482C01A67B7A400746A16 /* DisplayResultsCollectionView.m */,
				4A6482CA1A67CC6600746A16 /* PaddingLabel.h */,
				4A6482CB1A67CC6600746A16 /* PaddingLabel.m */,
				4A6482C21A67B99F00746A16 /* ResultCollectionViewCell.h */,
				4A6482C31A67B99F00746A16 /* ResultCollectionViewCell.m */,
				4A6482C41A67B99F00746A16 /* ResultCollectionViewCell.xib */,
				4A6482C71A67BE2900746A16 /* ResultInfo.h */,
				4A6482C81A67BE2900746A16 /* ResultInfo.m */,
				4A6483311A7A579A00746A16 /* CachedPolyline.h */,
				4A780FD71ABC0AE500E9898C /* UIView+LoadingSpinner.h */,
				4A780FD81ABC0AE500E9898C /* UIView+LoadingSpinner.m */,
				4A6483321A7A579A00746A16 /* CachedPolyline.m */,
				4A6483341A7B7DAA00746A16 /* MoreInfoViewController.h */,
				4A6483351A7B7DAA00746A16 /* MoreInfoViewController.m */,
				4A6483361A7B7DAA00746A16 /* MoreInfoViewController.xib */,
				4A6482A01A665BBC00746A16 /* MainViewController.h */,
				4A6482A11A665BBC00746A16 /* MainViewController.m */,
				4A6482A21A665BBC00746A16 /* MainViewController.xib */,
				4AE6D27C1A59ECD2008B9221 /* Images.xcassets */,
				4AE6D27E1A59ECD2008B9221 /* LaunchScreen.xib */,
				4AE6D26F1A59ECD2008B9221 /* Supporting Files */,
				4AE6D2CF1A5A2385008B9221 /* CabAggHttpClient.h */,
				4AE6D2D01A5A2385008B9221 /* CabAggHttpClient.m */,
				4A64829A1A5D291B00746A16 /* UberHTTPClient.h */,
				4A64829D1A5E78F000746A16 /* SidecarHttpClient.h */,
				4A64829E1A5E78F000746A16 /* SidecarHttpClient.m */,
				4A64829B1A5D291B00746A16 /* UberHTTPClient.m */,
			);
			path = cabAgg;
			sourceTree = "<group>";
		};
		4AE6D26F1A59ECD2008B9221 /* Supporting Files */ = {
			isa = PBXGroup;
			children = (
				4AE6D2701A59ECD2008B9221 /* Info.plist */,
				4AE6D2711A59ECD2008B9221 /* main.m */,
			);
			name = "Supporting Files";
			sourceTree = "<group>";
		};
		4AE6D2881A59ECD2008B9221 /* cabAggTests */ = {
			isa = PBXGroup;
			children = (
				4AE6D28B1A59ECD2008B9221 /* cabAggTests.m */,
				4AE6D2891A59ECD2008B9221 /* Supporting Files */,
			);
			path = cabAggTests;
			sourceTree = "<group>";
		};
		4AE6D2891A59ECD2008B9221 /* Supporting Files */ = {
			isa = PBXGroup;
			children = (
				4AE6D28A1A59ECD2008B9221 /* Info.plist */,
			);
			name = "Supporting Files";
			sourceTree = "<group>";
		};
		4AE6D2951A59ED25008B9221 /* utils */ = {
			isa = PBXGroup;
			children = (
				4A780FCE1AB6F3E000E9898C /* onboard */,
				4ACD617B1AA337CE009DD5D6 /* iRate */,
				4A6482CF1A7322D700746A16 /* MagicalRecord */,
				4AE6D2961A59ED31008B9221 /* AFNetworking */,
			);
			name = utils;
			sourceTree = "<group>";
		};
		4AE6D2961A59ED31008B9221 /* AFNetworking */ = {
			isa = PBXGroup;
			children = (
				4AE6D2971A59ED31008B9221 /* AFHTTPRequestOperation.h */,
				4AE6D2981A59ED31008B9221 /* AFHTTPRequestOperation.m */,
				4AE6D2991A59ED31008B9221 /* AFHTTPRequestOperationManager.h */,
				4AE6D29A1A59ED31008B9221 /* AFHTTPRequestOperationManager.m */,
				4AE6D29B1A59ED31008B9221 /* AFHTTPSessionManager.h */,
				4AE6D29C1A59ED31008B9221 /* AFHTTPSessionManager.m */,
				4AE6D29D1A59ED31008B9221 /* AFNetworking.h */,
				4AE6D29E1A59ED31008B9221 /* AFNetworkReachabilityManager.h */,
				4AE6D29F1A59ED31008B9221 /* AFNetworkReachabilityManager.m */,
				4AE6D2A01A59ED31008B9221 /* AFSecurityPolicy.h */,
				4AE6D2A11A59ED31008B9221 /* AFSecurityPolicy.m */,
				4AE6D2A21A59ED31008B9221 /* AFURLConnectionOperation.h */,
				4AE6D2A31A59ED31008B9221 /* AFURLConnectionOperation.m */,
				4AE6D2A41A59ED31008B9221 /* AFURLRequestSerialization.h */,
				4AE6D2A51A59ED31008B9221 /* AFURLRequestSerialization.m */,
				4AE6D2A61A59ED31008B9221 /* AFURLResponseSerialization.h */,
				4AE6D2A71A59ED31008B9221 /* AFURLResponseSerialization.m */,
				4AE6D2A81A59ED31008B9221 /* AFURLSessionManager.h */,
				4AE6D2A91A59ED31008B9221 /* AFURLSessionManager.m */,
			);
			path = AFNetworking;
			sourceTree = "<group>";
		};
/* End PBXGroup section */

/* Begin PBXNativeTarget section */
		4AE6D26B1A59ECD2008B9221 /* cabAgg */ = {
			isa = PBXNativeTarget;
			buildConfigurationList = 4AE6D28F1A59ECD2008B9221 /* Build configuration list for PBXNativeTarget "cabAgg" */;
			buildPhases = (
				4AE6D2681A59ECD2008B9221 /* Sources */,
				4AE6D2691A59ECD2008B9221 /* Frameworks */,
				4AE6D26A1A59ECD2008B9221 /* Resources */,
				4AE7AD821B15B42100BE8DED /* ShellScript */,
			);
			buildRules = (
			);
			dependencies = (
			);
			name = cabAgg;
			productName = cabAgg;
			productReference = 4AE6D26C1A59ECD2008B9221 /* Cabalot.app */;
			productType = "com.apple.product-type.application";
		};
		4AE6D2841A59ECD2008B9221 /* cabAggTests */ = {
			isa = PBXNativeTarget;
			buildConfigurationList = 4AE6D2921A59ECD2008B9221 /* Build configuration list for PBXNativeTarget "cabAggTests" */;
			buildPhases = (
				4AE6D2811A59ECD2008B9221 /* Sources */,
				4AE6D2821A59ECD2008B9221 /* Frameworks */,
				4AE6D2831A59ECD2008B9221 /* Resources */,
			);
			buildRules = (
			);
			dependencies = (
				4AE6D2871A59ECD2008B9221 /* PBXTargetDependency */,
			);
			name = cabAggTests;
			productName = cabAggTests;
			productReference = 4AE6D2851A59ECD2008B9221 /* cabAggTests.xctest */;
			productType = "com.apple.product-type.bundle.unit-test";
		};
/* End PBXNativeTarget section */

/* Begin PBXProject section */
		4AE6D2641A59ECD2008B9221 /* Project object */ = {
			isa = PBXProject;
			attributes = {
				LastUpgradeCheck = 0610;
				ORGANIZATIONNAME = LikwidSkin;
				TargetAttributes = {
					4AE6D26B1A59ECD2008B9221 = {
						CreatedOnToolsVersion = 6.1;
						DevelopmentTeam = 4ZX6493EC8;
					};
					4AE6D2841A59ECD2008B9221 = {
						CreatedOnToolsVersion = 6.1;
						TestTargetID = 4AE6D26B1A59ECD2008B9221;
					};
				};
			};
			buildConfigurationList = 4AE6D2671A59ECD2008B9221 /* Build configuration list for PBXProject "cabAgg" */;
			compatibilityVersion = "Xcode 3.2";
			developmentRegion = English;
			hasScannedForEncodings = 0;
			knownRegions = (
				en,
				Base,
			);
			mainGroup = 4AE6D2631A59ECD2008B9221;
			productRefGroup = 4AE6D26D1A59ECD2008B9221 /* Products */;
			projectDirPath = "";
			projectRoot = "";
			targets = (
				4AE6D26B1A59ECD2008B9221 /* cabAgg */,
				4AE6D2841A59ECD2008B9221 /* cabAggTests */,
			);
		};
/* End PBXProject section */

/* Begin PBXResourcesBuildPhase section */
		4AE6D26A1A59ECD2008B9221 /* Resources */ = {
			isa = PBXResourcesBuildPhase;
			buildActionMask = 2147483647;
			files = (
				4ACD618B1AA4532F009DD5D6 /* ExtraViewController.xib in Resources */,
				4A6483381A7B7DAA00746A16 /* MoreInfoViewController.xib in Resources */,
				4ACD61A01AA9D689009DD5D6 /* greenMapIcon@2x.png in Resources */,
				4ACD61921AA8497D009DD5D6 /* uber-pin@3x.png in Resources */,
				4ACD619D1AA9D19D009DD5D6 /* logo-big@3x.png in Resources */,
				4A6482AA1A667DB100746A16 /* goMyLocation.png in Resources */,
				4ACD61A41AA9D690009DD5D6 /* redMapIcon@2x.png in Resources */,
				4A64833E1A93437600746A16 /* PinkMustacheLyft.png in Resources */,
				4A6482CE1A67D69A00746A16 /* blackCircle.png in Resources */,
				4ACD61A51AA9D690009DD5D6 /* redMapIcon@3x.png in Resources */,
				4A6483411A9364B500746A16 /* cabalot.png in Resources */,
				4ACD61A11AA9D689009DD5D6 /* greenMapIcon@3x.png in Resources */,
				4ACD61791AA050D2009DD5D6 /* Check@2x.png in Resources */,
				4A6482AF1A667F5400746A16 /* LocationSearchViewController.xib in Resources */,
				4ACD61941AA8497D009DD5D6 /* lyft-pin@3x.png in Resources */,
				4A6482BA1A67182B00746A16 /* LocationSearchTableViewCell.xib in Resources */,
				4ACD619C1AA9D19D009DD5D6 /* logo-big@2x.png in Resources */,
				4A6482A41A665BBC00746A16 /* MainViewController.xib in Resources */,
				4ACD61761AA048E8009DD5D6 /* RequestBox@2x.png in Resources */,
				4A64833F1A93437600746A16 /* UberPinDropShadow.png in Resources */,
				4ACD61931AA8497D009DD5D6 /* uber-pin@2x.png in Resources */,
				4ACD61981AA9CE4C009DD5D6 /* logo@2x.png in Resources */,
				4AE8F5F71AA9E9750024EABF /* stock-photo.jpeg in Resources */,
				4ACD618D1AA45C44009DD5D6 /* close-icon.png in Resources */,
				4ACD61951AA8497D009DD5D6 /* lyft-pin@2x.png in Resources */,
				4AE6D2D81A5A7F89008B9221 /* newLocation.png in Resources */,
				4ACD617F1AA337CE009DD5D6 /* iRate.bundle in Resources */,
				4AE6D2801A59ECD2008B9221 /* LaunchScreen.xib in Resources */,
				4A780FCD1AB6BE9500E9898C /* myLocation@3x.png in Resources */,
				4ACD617A1AA050D2009DD5D6 /* Circle@2x.png in Resources */,
				4A780FD61AB82E0B00E9898C /* onboarding1.png in Resources */,
				4A780FCC1AB6BE9500E9898C /* myLocation@2x.png in Resources */,
				4AE6D27D1A59ECD2008B9221 /* Images.xcassets in Resources */,
				4A6482C61A67B99F00746A16 /* ResultCollectionViewCell.xib in Resources */,
				4ACD61991AA9CE4C009DD5D6 /* logo@3x.png in Resources */,
				4AE6D2B61A5A1F78008B9221 /* GoogleMaps.bundle in Resources */,
			);
			runOnlyForDeploymentPostprocessing = 0;
		};
		4AE6D2831A59ECD2008B9221 /* Resources */ = {
			isa = PBXResourcesBuildPhase;
			buildActionMask = 2147483647;
			files = (
			);
			runOnlyForDeploymentPostprocessing = 0;
		};
/* End PBXResourcesBuildPhase section */

/* Begin PBXShellScriptBuildPhase section */
		4AE7AD821B15B42100BE8DED /* ShellScript */ = {
			isa = PBXShellScriptBuildPhase;
			buildActionMask = 2147483647;
			files = (
			);
			inputPaths = (
			);
			outputPaths = (
			);
			runOnlyForDeploymentPostprocessing = 0;
			shellPath = /bin/sh;
			shellScript = "./Fabric.framework/run 3903988965876b29bebea44588b376cb2d353e35 b5dcd1d47d9dbd631f161bb9c873da318cf444f066a2035849403e5486727349";
		};
/* End PBXShellScriptBuildPhase section */

/* Begin PBXSourcesBuildPhase section */
		4AE6D2681A59ECD2008B9221 /* Sources */ = {
			isa = PBXSourcesBuildPhase;
			buildActionMask = 2147483647;
			files = (
				4A6482A71A666CA400746A16 /* SetDestinationView.m in Sources */,
				4AE6D2AA1A59ED31008B9221 /* AFHTTPRequestOperation.m in Sources */,
				4A6483111A7322D700746A16 /* NSEntityDescription+MagicalDataImport.m in Sources */,
				4A780FD41AB6F3F300E9898C /* OnboardingViewController.m in Sources */,
				4A64831E1A7322D700746A16 /* NSManagedObjectContext+MagicalSaves.m in Sources */,
				4AE6D2D11A5A2385008B9221 /* CabAggHttpClient.m in Sources */,
				4A6482C91A67BE2900746A16 /* ResultInfo.m in Sources */,
				4A64831C1A7322D700746A16 /* NSManagedObjectContext+MagicalObserving.m in Sources */,
				4AE6D2AB1A59ED31008B9221 /* AFHTTPRequestOperationManager.m in Sources */,
				4AE6D2AD1A59ED31008B9221 /* AFNetworkReachabilityManager.m in Sources */,
				4A6483191A7322D700746A16 /* NSManagedObject+MagicalRecord.m in Sources */,
				4A6483211A7322D700746A16 /* NSPersistentStore+MagicalRecord.m in Sources */,
				4A6482B91A67182B00746A16 /* LocationSearchTableViewCell.m in Sources */,
				4A64830F1A7322D700746A16 /* MagicalImportFunctions.m in Sources */,
				4A64829C1A5D291B00746A16 /* UberHTTPClient.m in Sources */,
				4A64831A1A7322D700746A16 /* NSManagedObject+MagicalRequests.m in Sources */,
				4ACD618A1AA4532F009DD5D6 /* ExtraViewController.m in Sources */,
				4A780FD31AB6F3F300E9898C /* OnboardingContentViewController.m in Sources */,
				4A6483161A7322D700746A16 /* NSManagedObject+MagicalAggregation.m in Sources */,
				4AE6D2B11A59ED31008B9221 /* AFURLResponseSerialization.m in Sources */,
				4A64832C1A73237800746A16 /* CabAgg.xcdatamodeld in Sources */,
				4A6482B51A668C5600746A16 /* GlobalStateInterface.m in Sources */,
				4A6483141A7322D700746A16 /* NSRelationshipDescription+MagicalDataImport.m in Sources */,
				4A6483131A7322D700746A16 /* NSObject+MagicalDataImport.m in Sources */,
				4A6483231A7322D700746A16 /* MagicalRecord+Actions.m in Sources */,
				4A80E4C61AD662EC007E0D07 /* LyftHttpClient.m in Sources */,
				4A6483181A7322D700746A16 /* NSManagedObject+MagicalFinders.m in Sources */,
				4A6482A31A665BBC00746A16 /* MainViewController.m in Sources */,
				4A6482C51A67B99F00746A16 /* ResultCollectionViewCell.m in Sources */,
				4A6483171A7322D700746A16 /* NSManagedObject+MagicalDataImport.m in Sources */,
				4A6483281A7322D700746A16 /* MagicalRecord+ShorthandSupport.m in Sources */,
				4AE6D2AF1A59ED31008B9221 /* AFURLConnectionOperation.m in Sources */,
				4A6483271A7322D700746A16 /* MagicalRecord+Setup.m in Sources */,
				4A64833B1A92FCA800746A16 /* ResultsView.m in Sources */,
				4A6482CC1A67CC6600746A16 /* PaddingLabel.m in Sources */,
				4A64831F1A7322D700746A16 /* NSManagedObjectContext+MagicalThreading.m in Sources */,
				4A6483121A7322D700746A16 /* NSNumber+MagicalDataImport.m in Sources */,
				4A64829F1A5E78F000746A16 /* SidecarHttpClient.m in Sources */,
				4AE7AD891B1C0FD000BE8DED /* EventLogger.m in Sources */,
				4A64831D1A7322D700746A16 /* NSManagedObjectContext+MagicalRecord.m in Sources */,
				4A6483261A7322D700746A16 /* MagicalRecord+Options.m in Sources */,
				4A64831B1A7322D700746A16 /* NSManagedObjectContext+MagicalChainSave.m in Sources */,
				4A6483251A7322D700746A16 /* MagicalRecord+iCloud.m in Sources */,
				4A6483221A7322D700746A16 /* NSPersistentStoreCoordinator+MagicalRecord.m in Sources */,
				4A6482AE1A667F5400746A16 /* LocationSearchViewController.m in Sources */,
				4AE6D2AE1A59ED31008B9221 /* AFSecurityPolicy.m in Sources */,
				4A6483101A7322D700746A16 /* NSAttributeDescription+MagicalDataImport.m in Sources */,
				4A780FD91ABC0AE500E9898C /* UIView+LoadingSpinner.m in Sources */,
				4A6483331A7A579A00746A16 /* CachedPolyline.m in Sources */,
				4AE6D2AC1A59ED31008B9221 /* AFHTTPSessionManager.m in Sources */,
				4A6482C11A67B7A400746A16 /* DisplayResultsCollectionView.m in Sources */,
				4ACD61801AA337CE009DD5D6 /* iRate.m in Sources */,
				4AE6D2B01A59ED31008B9221 /* AFURLRequestSerialization.m in Sources */,
				4A6483371A7B7DAA00746A16 /* MoreInfoViewController.m in Sources */,
				4AE6D2B21A59ED31008B9221 /* AFURLSessionManager.m in Sources */,
				4A64832F1A73246400746A16 /* Search.m in Sources */,
				4A6483151A7322D700746A16 /* NSString+MagicalDataImport.m in Sources */,
				4AE6D2751A59ECD2008B9221 /* AppDelegate.m in Sources */,
				4A6483201A7322D700746A16 /* NSManagedObjectModel+MagicalRecord.m in Sources */,
				4A6482B21A6681E800746A16 /* HTTPClient.m in Sources */,
				4AE6D2721A59ECD2008B9221 /* main.m in Sources */,
				4A6483291A7322D700746A16 /* MagicalRecord.m in Sources */,
				4A6483241A7322D700746A16 /* MagicalRecord+ErrorHandling.m in Sources */,
			);
			runOnlyForDeploymentPostprocessing = 0;
		};
		4AE6D2811A59ECD2008B9221 /* Sources */ = {
			isa = PBXSourcesBuildPhase;
			buildActionMask = 2147483647;
			files = (
				4AE6D28C1A59ECD2008B9221 /* cabAggTests.m in Sources */,
			);
			runOnlyForDeploymentPostprocessing = 0;
		};
/* End PBXSourcesBuildPhase section */

/* Begin PBXTargetDependency section */
		4AE6D2871A59ECD2008B9221 /* PBXTargetDependency */ = {
			isa = PBXTargetDependency;
			target = 4AE6D26B1A59ECD2008B9221 /* cabAgg */;
			targetProxy = 4AE6D2861A59ECD2008B9221 /* PBXContainerItemProxy */;
		};
/* End PBXTargetDependency section */

/* Begin PBXVariantGroup section */
		4AE6D27E1A59ECD2008B9221 /* LaunchScreen.xib */ = {
			isa = PBXVariantGroup;
			children = (
				4AE6D27F1A59ECD2008B9221 /* Base */,
			);
			name = LaunchScreen.xib;
			sourceTree = "<group>";
		};
/* End PBXVariantGroup section */

/* Begin XCBuildConfiguration section */
		4AE6D28D1A59ECD2008B9221 /* Debug */ = {
			isa = XCBuildConfiguration;
			buildSettings = {
				ALWAYS_SEARCH_USER_PATHS = NO;
				CLANG_CXX_LANGUAGE_STANDARD = "gnu++0x";
				CLANG_CXX_LIBRARY = "libc++";
				CLANG_ENABLE_MODULES = YES;
				CLANG_ENABLE_OBJC_ARC = YES;
				CLANG_WARN_BOOL_CONVERSION = YES;
				CLANG_WARN_CONSTANT_CONVERSION = YES;
				CLANG_WARN_DIRECT_OBJC_ISA_USAGE = YES_ERROR;
				CLANG_WARN_EMPTY_BODY = YES;
				CLANG_WARN_ENUM_CONVERSION = YES;
				CLANG_WARN_INT_CONVERSION = YES;
				CLANG_WARN_OBJC_ROOT_CLASS = YES_ERROR;
				CLANG_WARN_UNREACHABLE_CODE = YES;
				CLANG_WARN__DUPLICATE_METHOD_MATCH = YES;
				"CODE_SIGN_IDENTITY[sdk=iphoneos*]" = "iPhone Developer";
				COPY_PHASE_STRIP = NO;
				ENABLE_STRICT_OBJC_MSGSEND = YES;
				GCC_C_LANGUAGE_STANDARD = gnu99;
				GCC_DYNAMIC_NO_PIC = NO;
				GCC_OPTIMIZATION_LEVEL = 0;
				GCC_PREPROCESSOR_DEFINITIONS = (
					"DEBUG=1",
					"$(inherited)",
				);
				GCC_SYMBOLS_PRIVATE_EXTERN = NO;
				GCC_WARN_64_TO_32_BIT_CONVERSION = YES;
				GCC_WARN_ABOUT_RETURN_TYPE = YES_ERROR;
				GCC_WARN_UNDECLARED_SELECTOR = YES;
				GCC_WARN_UNINITIALIZED_AUTOS = YES_AGGRESSIVE;
				GCC_WARN_UNUSED_FUNCTION = YES;
				GCC_WARN_UNUSED_VARIABLE = YES;
				IPHONEOS_DEPLOYMENT_TARGET = 8.1;
				MTL_ENABLE_DEBUG_INFO = YES;
				ONLY_ACTIVE_ARCH = YES;
				OTHER_LDFLAGS = "-ObjC";
				SDKROOT = iphoneos;
				TARGETED_DEVICE_FAMILY = "1,2";
			};
			name = Debug;
		};
		4AE6D28E1A59ECD2008B9221 /* Release */ = {
			isa = XCBuildConfiguration;
			buildSettings = {
				ALWAYS_SEARCH_USER_PATHS = NO;
				CLANG_CXX_LANGUAGE_STANDARD = "gnu++0x";
				CLANG_CXX_LIBRARY = "libc++";
				CLANG_ENABLE_MODULES = YES;
				CLANG_ENABLE_OBJC_ARC = YES;
				CLANG_WARN_BOOL_CONVERSION = YES;
				CLANG_WARN_CONSTANT_CONVERSION = YES;
				CLANG_WARN_DIRECT_OBJC_ISA_USAGE = YES_ERROR;
				CLANG_WARN_EMPTY_BODY = YES;
				CLANG_WARN_ENUM_CONVERSION = YES;
				CLANG_WARN_INT_CONVERSION = YES;
				CLANG_WARN_OBJC_ROOT_CLASS = YES_ERROR;
				CLANG_WARN_UNREACHABLE_CODE = YES;
				CLANG_WARN__DUPLICATE_METHOD_MATCH = YES;
				"CODE_SIGN_IDENTITY[sdk=iphoneos*]" = "iPhone Developer";
				COPY_PHASE_STRIP = YES;
				ENABLE_NS_ASSERTIONS = NO;
				ENABLE_STRICT_OBJC_MSGSEND = YES;
				GCC_C_LANGUAGE_STANDARD = gnu99;
				GCC_WARN_64_TO_32_BIT_CONVERSION = YES;
				GCC_WARN_ABOUT_RETURN_TYPE = YES_ERROR;
				GCC_WARN_UNDECLARED_SELECTOR = YES;
				GCC_WARN_UNINITIALIZED_AUTOS = YES_AGGRESSIVE;
				GCC_WARN_UNUSED_FUNCTION = YES;
				GCC_WARN_UNUSED_VARIABLE = YES;
				IPHONEOS_DEPLOYMENT_TARGET = 8.1;
				MTL_ENABLE_DEBUG_INFO = NO;
				OTHER_LDFLAGS = "-ObjC";
				SDKROOT = iphoneos;
				TARGETED_DEVICE_FAMILY = "1,2";
				VALIDATE_PRODUCT = YES;
			};
			name = Release;
		};
		4AE6D2901A59ECD2008B9221 /* Debug */ = {
			isa = XCBuildConfiguration;
			buildSettings = {
				ASSETCATALOG_COMPILER_APPICON_NAME = AppIcon;
				CODE_SIGN_IDENTITY = "iPhone Developer";
				"CODE_SIGN_IDENTITY[sdk=iphoneos*]" = "iPhone Developer";
				FRAMEWORK_SEARCH_PATHS = (
					"$(inherited)",
					"$(PROJECT_DIR)",
				);
				INFOPLIST_FILE = cabAgg/Info.plist;
				LD_RUNPATH_SEARCH_PATHS = "$(inherited) @executable_path/Frameworks";
				PRODUCT_NAME = Cabalot;
				PROVISIONING_PROFILE = "";
			};
			name = Debug;
		};
		4AE6D2911A59ECD2008B9221 /* Release */ = {
			isa = XCBuildConfiguration;
			buildSettings = {
				ASSETCATALOG_COMPILER_APPICON_NAME = AppIcon;
				CODE_SIGN_IDENTITY = "iPhone Developer";
				"CODE_SIGN_IDENTITY[sdk=iphoneos*]" = "iPhone Developer";
				FRAMEWORK_SEARCH_PATHS = (
					"$(inherited)",
					"$(PROJECT_DIR)",
				);
				INFOPLIST_FILE = cabAgg/Info.plist;
				LD_RUNPATH_SEARCH_PATHS = "$(inherited) @executable_path/Frameworks";
				PRODUCT_NAME = Cabalot;
				PROVISIONING_PROFILE = "";
			};
			name = Release;
		};
		4AE6D2931A59ECD2008B9221 /* Debug */ = {
			isa = XCBuildConfiguration;
			buildSettings = {
				BUNDLE_LOADER = "$(TEST_HOST)";
				FRAMEWORK_SEARCH_PATHS = (
					"$(SDKROOT)/Developer/Library/Frameworks",
					"$(inherited)",
				);
				GCC_PREPROCESSOR_DEFINITIONS = (
					"DEBUG=1",
					"$(inherited)",
				);
				INFOPLIST_FILE = cabAggTests/Info.plist;
				LD_RUNPATH_SEARCH_PATHS = "$(inherited) @executable_path/Frameworks @loader_path/Frameworks";
				PRODUCT_NAME = "$(TARGET_NAME)";
				TEST_HOST = "$(BUILT_PRODUCTS_DIR)/cabAgg.app/cabAgg";
			};
			name = Debug;
		};
		4AE6D2941A59ECD2008B9221 /* Release */ = {
			isa = XCBuildConfiguration;
			buildSettings = {
				BUNDLE_LOADER = "$(TEST_HOST)";
				FRAMEWORK_SEARCH_PATHS = (
					"$(SDKROOT)/Developer/Library/Frameworks",
					"$(inherited)",
				);
				INFOPLIST_FILE = cabAggTests/Info.plist;
				LD_RUNPATH_SEARCH_PATHS = "$(inherited) @executable_path/Frameworks @loader_path/Frameworks";
				PRODUCT_NAME = "$(TARGET_NAME)";
				TEST_HOST = "$(BUILT_PRODUCTS_DIR)/cabAgg.app/cabAgg";
			};
			name = Release;
		};
/* End XCBuildConfiguration section */

/* Begin XCConfigurationList section */
		4AE6D2671A59ECD2008B9221 /* Build configuration list for PBXProject "cabAgg" */ = {
			isa = XCConfigurationList;
			buildConfigurations = (
				4AE6D28D1A59ECD2008B9221 /* Debug */,
				4AE6D28E1A59ECD2008B9221 /* Release */,
			);
			defaultConfigurationIsVisible = 0;
			defaultConfigurationName = Release;
		};
		4AE6D28F1A59ECD2008B9221 /* Build configuration list for PBXNativeTarget "cabAgg" */ = {
			isa = XCConfigurationList;
			buildConfigurations = (
				4AE6D2901A59ECD2008B9221 /* Debug */,
				4AE6D2911A59ECD2008B9221 /* Release */,
			);
			defaultConfigurationIsVisible = 0;
			defaultConfigurationName = Release;
		};
		4AE6D2921A59ECD2008B9221 /* Build configuration list for PBXNativeTarget "cabAggTests" */ = {
			isa = XCConfigurationList;
			buildConfigurations = (
				4AE6D2931A59ECD2008B9221 /* Debug */,
				4AE6D2941A59ECD2008B9221 /* Release */,
			);
			defaultConfigurationIsVisible = 0;
			defaultConfigurationName = Release;
		};
/* End XCConfigurationList section */

/* Begin XCVersionGroup section */
		4A64832A1A73237800746A16 /* CabAgg.xcdatamodeld */ = {
			isa = XCVersionGroup;
			children = (
				4A64832B1A73237800746A16 /* CabAgg.xcdatamodel */,
			);
			currentVersion = 4A64832B1A73237800746A16 /* CabAgg.xcdatamodel */;
			name = CabAgg.xcdatamodeld;
			path = cabAgg/MagicalRecord/CabAgg.xcdatamodeld;
			sourceTree = "<group>";
			versionGroupType = wrapper.xcdatamodel;
		};
/* End XCVersionGroup section */
	};
	rootObject = 4AE6D2641A59ECD2008B9221 /* Project object */;
}
